// !$*UTF8*$!
{
	archiveVersion = 1;
	classes = {
	};
	objectVersion = 46;
	objects = {

/* Begin PBXBuildFile section */
		926FC66D1D34B44A00EC6B62 /* main.m in Sources */ = {isa = PBXBuildFile; fileRef = 926FC66C1D34B44A00EC6B62 /* main.m */; };
		926FC6701D34B44A00EC6B62 /* AppDelegate.m in Sources */ = {isa = PBXBuildFile; fileRef = 926FC66F1D34B44A00EC6B62 /* AppDelegate.m */; };
		926FC6761D34B44A00EC6B62 /* Main.storyboard in Resources */ = {isa = PBXBuildFile; fileRef = 926FC6741D34B44A00EC6B62 /* Main.storyboard */; };
		926FC6781D34B44A00EC6B62 /* Assets.xcassets in Resources */ = {isa = PBXBuildFile; fileRef = 926FC6771D34B44A00EC6B62 /* Assets.xcassets */; };
		926FC67B1D34B44A00EC6B62 /* LaunchScreen.storyboard in Resources */ = {isa = PBXBuildFile; fileRef = 926FC6791D34B44A00EC6B62 /* LaunchScreen.storyboard */; };
		926FC6831D34B69B00EC6B62 /* MappedIn.framework in Frameworks */ = {isa = PBXBuildFile; fileRef = 926FC6821D34B69B00EC6B62 /* MappedIn.framework */; };
		926FC6841D34B69B00EC6B62 /* MappedIn.framework in Embed Frameworks */ = {isa = PBXBuildFile; fileRef = 926FC6821D34B69B00EC6B62 /* MappedIn.framework */; settings = {ATTRIBUTES = (CodeSignOnCopy, RemoveHeadersOnCopy, ); }; };
		926FC6881D34CF5A00EC6B62 /* VenueTableViewController.m in Sources */ = {isa = PBXBuildFile; fileRef = 926FC6871D34CF5A00EC6B62 /* VenueTableViewController.m */; };
		926FC68B1D34D15D00EC6B62 /* VenueTableViewCell.m in Sources */ = {isa = PBXBuildFile; fileRef = 926FC68A1D34D15D00EC6B62 /* VenueTableViewCell.m */; };
		926FC68E1D34D6E600EC6B62 /* MappedInWrapper.swift in Sources */ = {isa = PBXBuildFile; fileRef = 926FC68D1D34D6E600EC6B62 /* MappedInWrapper.swift */; };
		926FC6911D351FA500EC6B62 /* VenueViewController.m in Sources */ = {isa = PBXBuildFile; fileRef = 926FC6901D351FA500EC6B62 /* VenueViewController.m */; };
		926FC6971D353D5000EC6B62 /* LocationTableViewController.m in Sources */ = {isa = PBXBuildFile; fileRef = 926FC6961D353D5000EC6B62 /* LocationTableViewController.m */; };
		926FC69A1D3541BF00EC6B62 /* LocationTableViewCell.m in Sources */ = {isa = PBXBuildFile; fileRef = 926FC6991D3541BF00EC6B62 /* LocationTableViewCell.m */; };
		926FC69C1D35471600EC6B62 /* MapViewController.swift in Sources */ = {isa = PBXBuildFile; fileRef = 926FC69B1D35471600EC6B62 /* MapViewController.swift */; };
/* End PBXBuildFile section */

/* Begin PBXCopyFilesBuildPhase section */
		926FC6851D34B69B00EC6B62 /* Embed Frameworks */ = {
			isa = PBXCopyFilesBuildPhase;
			buildActionMask = 2147483647;
			dstPath = "";
			dstSubfolderSpec = 10;
			files = (
				926FC6841D34B69B00EC6B62 /* MappedIn.framework in Embed Frameworks */,
			);
			name = "Embed Frameworks";
			runOnlyForDeploymentPostprocessing = 0;
		};
/* End PBXCopyFilesBuildPhase section */

/* Begin PBXFileReference section */
		926FC6681D34B44A00EC6B62 /* MultiVenueObjectiveC.app */ = {isa = PBXFileReference; explicitFileType = wrapper.application; includeInIndex = 0; path = MultiVenueObjectiveC.app; sourceTree = BUILT_PRODUCTS_DIR; };
		926FC66C1D34B44A00EC6B62 /* main.m */ = {isa = PBXFileReference; lastKnownFileType = sourcecode.c.objc; path = main.m; sourceTree = "<group>"; };
		926FC66E1D34B44A00EC6B62 /* AppDelegate.h */ = {isa = PBXFileReference; lastKnownFileType = sourcecode.c.h; path = AppDelegate.h; sourceTree = "<group>"; };
		926FC66F1D34B44A00EC6B62 /* AppDelegate.m */ = {isa = PBXFileReference; lastKnownFileType = sourcecode.c.objc; path = AppDelegate.m; sourceTree = "<group>"; };
		926FC6751D34B44A00EC6B62 /* Base */ = {isa = PBXFileReference; lastKnownFileType = file.storyboard; name = Base; path = Base.lproj/Main.storyboard; sourceTree = "<group>"; };
		926FC6771D34B44A00EC6B62 /* Assets.xcassets */ = {isa = PBXFileReference; lastKnownFileType = folder.assetcatalog; path = Assets.xcassets; sourceTree = "<group>"; };
		926FC67A1D34B44A00EC6B62 /* Base */ = {isa = PBXFileReference; lastKnownFileType = file.storyboard; name = Base; path = Base.lproj/LaunchScreen.storyboard; sourceTree = "<group>"; };
		926FC67C1D34B44B00EC6B62 /* Info.plist */ = {isa = PBXFileReference; lastKnownFileType = text.plist.xml; path = Info.plist; sourceTree = "<group>"; };
		926FC6821D34B69B00EC6B62 /* MappedIn.framework */ = {isa = PBXFileReference; lastKnownFileType = wrapper.framework; path = MappedIn.framework; sourceTree = "<group>"; };
		926FC6861D34CF5A00EC6B62 /* VenueTableViewController.h */ = {isa = PBXFileReference; fileEncoding = 4; lastKnownFileType = sourcecode.c.h; path = VenueTableViewController.h; sourceTree = "<group>"; };
		926FC6871D34CF5A00EC6B62 /* VenueTableViewController.m */ = {isa = PBXFileReference; fileEncoding = 4; lastKnownFileType = sourcecode.c.objc; path = VenueTableViewController.m; sourceTree = "<group>"; };
		926FC6891D34D15D00EC6B62 /* VenueTableViewCell.h */ = {isa = PBXFileReference; fileEncoding = 4; lastKnownFileType = sourcecode.c.h; path = VenueTableViewCell.h; sourceTree = "<group>"; };
		926FC68A1D34D15D00EC6B62 /* VenueTableViewCell.m */ = {isa = PBXFileReference; fileEncoding = 4; lastKnownFileType = sourcecode.c.objc; path = VenueTableViewCell.m; sourceTree = "<group>"; };
		926FC68C1D34D6E600EC6B62 /* MultiVenueObjectiveC-Bridging-Header.h */ = {isa = PBXFileReference; lastKnownFileType = sourcecode.c.h; path = "MultiVenueObjectiveC-Bridging-Header.h"; sourceTree = "<group>"; };
		926FC68D1D34D6E600EC6B62 /* MappedInWrapper.swift */ = {isa = PBXFileReference; fileEncoding = 4; lastKnownFileType = sourcecode.swift; path = MappedInWrapper.swift; sourceTree = "<group>"; };
		926FC68F1D351FA500EC6B62 /* VenueViewController.h */ = {isa = PBXFileReference; fileEncoding = 4; lastKnownFileType = sourcecode.c.h; path = VenueViewController.h; sourceTree = "<group>"; };
		926FC6901D351FA500EC6B62 /* VenueViewController.m */ = {isa = PBXFileReference; fileEncoding = 4; lastKnownFileType = sourcecode.c.objc; path = VenueViewController.m; sourceTree = "<group>"; };
		926FC6951D353D5000EC6B62 /* LocationTableViewController.h */ = {isa = PBXFileReference; fileEncoding = 4; lastKnownFileType = sourcecode.c.h; path = LocationTableViewController.h; sourceTree = "<group>"; };
		926FC6961D353D5000EC6B62 /* LocationTableViewController.m */ = {isa = PBXFileReference; fileEncoding = 4; lastKnownFileType = sourcecode.c.objc; path = LocationTableViewController.m; sourceTree = "<group>"; };
		926FC6981D3541BF00EC6B62 /* LocationTableViewCell.h */ = {isa = PBXFileReference; fileEncoding = 4; lastKnownFileType = sourcecode.c.h; path = LocationTableViewCell.h; sourceTree = "<group>"; };
		926FC6991D3541BF00EC6B62 /* LocationTableViewCell.m */ = {isa = PBXFileReference; fileEncoding = 4; lastKnownFileType = sourcecode.c.objc; path = LocationTableViewCell.m; sourceTree = "<group>"; };
		926FC69B1D35471600EC6B62 /* MapViewController.swift */ = {isa = PBXFileReference; fileEncoding = 4; lastKnownFileType = sourcecode.swift; path = MapViewController.swift; sourceTree = "<group>"; };
/* End PBXFileReference section */

/* Begin PBXFrameworksBuildPhase section */
		926FC6651D34B44A00EC6B62 /* Frameworks */ = {
			isa = PBXFrameworksBuildPhase;
			buildActionMask = 2147483647;
			files = (
				926FC6831D34B69B00EC6B62 /* MappedIn.framework in Frameworks */,
			);
			runOnlyForDeploymentPostprocessing = 0;
		};
/* End PBXFrameworksBuildPhase section */

/* Begin PBXGroup section */
		926FC65F1D34B44A00EC6B62 = {
			isa = PBXGroup;
			children = (
				926FC6821D34B69B00EC6B62 /* MappedIn.framework */,
				926FC66A1D34B44A00EC6B62 /* MultiVenueObjectiveC */,
				926FC6691D34B44A00EC6B62 /* Products */,
			);
			sourceTree = "<group>";
		};
		926FC6691D34B44A00EC6B62 /* Products */ = {
			isa = PBXGroup;
			children = (
				926FC6681D34B44A00EC6B62 /* MultiVenueObjectiveC.app */,
			);
			name = Products;
			sourceTree = "<group>";
		};
		926FC66A1D34B44A00EC6B62 /* MultiVenueObjectiveC */ = {
			isa = PBXGroup;
			children = (
				926FC66E1D34B44A00EC6B62 /* AppDelegate.h */,
				926FC66F1D34B44A00EC6B62 /* AppDelegate.m */,
				926FC6861D34CF5A00EC6B62 /* VenueTableViewController.h */,
				926FC6871D34CF5A00EC6B62 /* VenueTableViewController.m */,
				926FC6891D34D15D00EC6B62 /* VenueTableViewCell.h */,
				926FC68A1D34D15D00EC6B62 /* VenueTableViewCell.m */,
				926FC68F1D351FA500EC6B62 /* VenueViewController.h */,
				926FC6901D351FA500EC6B62 /* VenueViewController.m */,
				926FC6951D353D5000EC6B62 /* LocationTableViewController.h */,
				926FC6961D353D5000EC6B62 /* LocationTableViewController.m */,
				926FC6981D3541BF00EC6B62 /* LocationTableViewCell.h */,
				926FC6991D3541BF00EC6B62 /* LocationTableViewCell.m */,
				926FC69B1D35471600EC6B62 /* MapViewController.swift */,
				926FC6741D34B44A00EC6B62 /* Main.storyboard */,
				926FC6771D34B44A00EC6B62 /* Assets.xcassets */,
				926FC6791D34B44A00EC6B62 /* LaunchScreen.storyboard */,
				926FC67C1D34B44B00EC6B62 /* Info.plist */,
				926FC66B1D34B44A00EC6B62 /* Supporting Files */,
				926FC68D1D34D6E600EC6B62 /* MappedInWrapper.swift */,
				926FC68C1D34D6E600EC6B62 /* MultiVenueObjectiveC-Bridging-Header.h */,
			);
			path = MultiVenueObjectiveC;
			sourceTree = "<group>";
		};
		926FC66B1D34B44A00EC6B62 /* Supporting Files */ = {
			isa = PBXGroup;
			children = (
				926FC66C1D34B44A00EC6B62 /* main.m */,
			);
			name = "Supporting Files";
			sourceTree = "<group>";
		};
/* End PBXGroup section */

/* Begin PBXNativeTarget section */
		926FC6671D34B44A00EC6B62 /* MultiVenueObjectiveC */ = {
			isa = PBXNativeTarget;
			buildConfigurationList = 926FC67F1D34B44B00EC6B62 /* Build configuration list for PBXNativeTarget "MultiVenueObjectiveC" */;
			buildPhases = (
				926FC6641D34B44A00EC6B62 /* Sources */,
				926FC6651D34B44A00EC6B62 /* Frameworks */,
				926FC6661D34B44A00EC6B62 /* Resources */,
				926FC6851D34B69B00EC6B62 /* Embed Frameworks */,
			);
			buildRules = (
			);
			dependencies = (
			);
			name = MultiVenueObjectiveC;
			productName = MultiVenueObjectiveC;
			productReference = 926FC6681D34B44A00EC6B62 /* MultiVenueObjectiveC.app */;
			productType = "com.apple.product-type.application";
		};
/* End PBXNativeTarget section */

/* Begin PBXProject section */
		926FC6601D34B44A00EC6B62 /* Project object */ = {
			isa = PBXProject;
			attributes = {
				LastUpgradeCheck = 0730;
				ORGANIZATIONNAME = "Zachary Cregan";
				TargetAttributes = {
					926FC6671D34B44A00EC6B62 = {
						CreatedOnToolsVersion = 7.3;
					};
				};
			};
			buildConfigurationList = 926FC6631D34B44A00EC6B62 /* Build configuration list for PBXProject "MultiVenueObjectiveC" */;
			compatibilityVersion = "Xcode 3.2";
			developmentRegion = English;
			hasScannedForEncodings = 0;
			knownRegions = (
				en,
				Base,
			);
			mainGroup = 926FC65F1D34B44A00EC6B62;
			productRefGroup = 926FC6691D34B44A00EC6B62 /* Products */;
			projectDirPath = "";
			projectRoot = "";
			targets = (
				926FC6671D34B44A00EC6B62 /* MultiVenueObjectiveC */,
			);
		};
/* End PBXProject section */

/* Begin PBXResourcesBuildPhase section */
		926FC6661D34B44A00EC6B62 /* Resources */ = {
			isa = PBXResourcesBuildPhase;
			buildActionMask = 2147483647;
			files = (
				926FC67B1D34B44A00EC6B62 /* LaunchScreen.storyboard in Resources */,
				926FC6781D34B44A00EC6B62 /* Assets.xcassets in Resources */,
				926FC6761D34B44A00EC6B62 /* Main.storyboard in Resources */,
			);
			runOnlyForDeploymentPostprocessing = 0;
		};
/* End PBXResourcesBuildPhase section */

/* Begin PBXSourcesBuildPhase section */
		926FC6641D34B44A00EC6B62 /* Sources */ = {
			isa = PBXSourcesBuildPhase;
			buildActionMask = 2147483647;
			files = (
				926FC68E1D34D6E600EC6B62 /* MappedInWrapper.swift in Sources */,
				926FC6701D34B44A00EC6B62 /* AppDelegate.m in Sources */,
				926FC6971D353D5000EC6B62 /* LocationTableViewController.m in Sources */,
				926FC68B1D34D15D00EC6B62 /* VenueTableViewCell.m in Sources */,
				926FC69C1D35471600EC6B62 /* MapViewController.swift in Sources */,
				926FC66D1D34B44A00EC6B62 /* main.m in Sources */,
				926FC6911D351FA500EC6B62 /* VenueViewController.m in Sources */,
				926FC69A1D3541BF00EC6B62 /* LocationTableViewCell.m in Sources */,
				926FC6881D34CF5A00EC6B62 /* VenueTableViewController.m in Sources */,
			);
			runOnlyForDeploymentPostprocessing = 0;
		};
/* End PBXSourcesBuildPhase section */

/* Begin PBXVariantGroup section */
		926FC6741D34B44A00EC6B62 /* Main.storyboard */ = {
			isa = PBXVariantGroup;
			children = (
				926FC6751D34B44A00EC6B62 /* Base */,
			);
			name = Main.storyboard;
			sourceTree = "<group>";
		};
		926FC6791D34B44A00EC6B62 /* LaunchScreen.storyboard */ = {
			isa = PBXVariantGroup;
			children = (
				926FC67A1D34B44A00EC6B62 /* Base */,
			);
			name = LaunchScreen.storyboard;
			sourceTree = "<group>";
		};
/* End PBXVariantGroup section */

/* Begin XCBuildConfiguration section */
		926FC67D1D34B44B00EC6B62 /* Debug */ = {
			isa = XCBuildConfiguration;
			buildSettings = {
				ALWAYS_SEARCH_USER_PATHS = NO;
				CLANG_ANALYZER_NONNULL = YES;
				CLANG_CXX_LANGUAGE_STANDARD = "gnu++0x";
				CLANG_CXX_LIBRARY = "libc++";
				CLANG_ENABLE_MODULES = YES;
				CLANG_ENABLE_OBJC_ARC = YES;
				CLANG_WARN_BOOL_CONVERSION = YES;
				CLANG_WARN_CONSTANT_CONVERSION = YES;
				CLANG_WARN_DIRECT_OBJC_ISA_USAGE = YES_ERROR;
				CLANG_WARN_EMPTY_BODY = YES;
				CLANG_WARN_ENUM_CONVERSION = YES;
				CLANG_WARN_INT_CONVERSION = YES;
				CLANG_WARN_OBJC_ROOT_CLASS = YES_ERROR;
				CLANG_WARN_UNREACHABLE_CODE = YES;
				CLANG_WARN__DUPLICATE_METHOD_MATCH = YES;
				"CODE_SIGN_IDENTITY[sdk=iphoneos*]" = "iPhone Developer";
				COPY_PHASE_STRIP = NO;
				DEBUG_INFORMATION_FORMAT = dwarf;
				EMBEDDED_CONTENT_CONTAINS_SWIFT = YES;
				ENABLE_STRICT_OBJC_MSGSEND = YES;
				ENABLE_TESTABILITY = YES;
				GCC_C_LANGUAGE_STANDARD = gnu99;
				GCC_DYNAMIC_NO_PIC = NO;
				GCC_NO_COMMON_BLOCKS = YES;
				GCC_OPTIMIZATION_LEVEL = 0;
				GCC_PREPROCESSOR_DEFINITIONS = (
					"DEBUG=1",
					"$(inherited)",
				);
				GCC_WARN_64_TO_32_BIT_CONVERSION = YES;
				GCC_WARN_ABOUT_RETURN_TYPE = YES_ERROR;
				GCC_WARN_UNDECLARED_SELECTOR = YES;
				GCC_WARN_UNINITIALIZED_AUTOS = YES_AGGRESSIVE;
				GCC_WARN_UNUSED_FUNCTION = YES;
				GCC_WARN_UNUSED_VARIABLE = YES;
				IPHONEOS_DEPLOYMENT_TARGET = 9.3;
				MTL_ENABLE_DEBUG_INFO = YES;
				ONLY_ACTIVE_ARCH = YES;
				SDKROOT = iphoneos;
				TARGETED_DEVICE_FAMILY = "1,2";
			};
			name = Debug;
		};
		926FC67E1D34B44B00EC6B62 /* Release */ = {
			isa = XCBuildConfiguration;
			buildSettings = {
				ALWAYS_SEARCH_USER_PATHS = NO;
				CLANG_ANALYZER_NONNULL = YES;
				CLANG_CXX_LANGUAGE_STANDARD = "gnu++0x";
				CLANG_CXX_LIBRARY = "libc++";
				CLANG_ENABLE_MODULES = YES;
				CLANG_ENABLE_OBJC_ARC = YES;
				CLANG_WARN_BOOL_CONVERSION = YES;
				CLANG_WARN_CONSTANT_CONVERSION = YES;
				CLANG_WARN_DIRECT_OBJC_ISA_USAGE = YES_ERROR;
				CLANG_WARN_EMPTY_BODY = YES;
				CLANG_WARN_ENUM_CONVERSION = YES;
				CLANG_WARN_INT_CONVERSION = YES;
				CLANG_WARN_OBJC_ROOT_CLASS = YES_ERROR;
				CLANG_WARN_UNREACHABLE_CODE = YES;
				CLANG_WARN__DUPLICATE_METHOD_MATCH = YES;
				"CODE_SIGN_IDENTITY[sdk=iphoneos*]" = "iPhone Developer";
				COPY_PHASE_STRIP = NO;
				DEBUG_INFORMATION_FORMAT = "dwarf-with-dsym";
				EMBEDDED_CONTENT_CONTAINS_SWIFT = YES;
				ENABLE_NS_ASSERTIONS = NO;
				ENABLE_STRICT_OBJC_MSGSEND = YES;
				GCC_C_LANGUAGE_STANDARD = gnu99;
				GCC_NO_COMMON_BLOCKS = YES;
				GCC_WARN_64_TO_32_BIT_CONVERSION = YES;
				GCC_WARN_ABOUT_RETURN_TYPE = YES_ERROR;
				GCC_WARN_UNDECLARED_SELECTOR = YES;
				GCC_WARN_UNINITIALIZED_AUTOS = YES_AGGRESSIVE;
				GCC_WARN_UNUSED_FUNCTION = YES;
				GCC_WARN_UNUSED_VARIABLE = YES;
				IPHONEOS_DEPLOYMENT_TARGET = 9.3;
				MTL_ENABLE_DEBUG_INFO = NO;
				SDKROOT = iphoneos;
				TARGETED_DEVICE_FAMILY = "1,2";
				VALIDATE_PRODUCT = YES;
			};
			name = Release;
		};
		926FC6801D34B44B00EC6B62 /* Debug */ = {
			isa = XCBuildConfiguration;
			buildSettings = {
				ASSETCATALOG_COMPILER_APPICON_NAME = AppIcon;
				CLANG_ENABLE_MODULES = YES;
				FRAMEWORK_SEARCH_PATHS = (
					"$(inherited)",
					"$(PROJECT_DIR)",
				);
				INFOPLIST_FILE = MultiVenueObjectiveC/Info.plist;
				LD_RUNPATH_SEARCH_PATHS = "$(inherited) @executable_path/Frameworks";
				PRODUCT_BUNDLE_IDENTIFIER = com.mappedin.ios.MultiVenueObjectiveC;
				PRODUCT_NAME = "$(TARGET_NAME)";
				SWIFT_OBJC_BRIDGING_HEADER = "MultiVenueObjectiveC/MultiVenueObjectiveC-Bridging-Header.h";
				SWIFT_OPTIMIZATION_LEVEL = "-Onone";
			};
			name = Debug;
		};
		926FC6811D34B44B00EC6B62 /* Release */ = {
			isa = XCBuildConfiguration;
			buildSettings = {
				ASSETCATALOG_COMPILER_APPICON_NAME = AppIcon;
				CLANG_ENABLE_MODULES = YES;
				FRAMEWORK_SEARCH_PATHS = (
					"$(inherited)",
					"$(PROJECT_DIR)",
				);
				INFOPLIST_FILE = MultiVenueObjectiveC/Info.plist;
				LD_RUNPATH_SEARCH_PATHS = "$(inherited) @executable_path/Frameworks";
				PRODUCT_BUNDLE_IDENTIFIER = com.mappedin.ios.MultiVenueObjectiveC;
				PRODUCT_NAME = "$(TARGET_NAME)";
				SWIFT_OBJC_BRIDGING_HEADER = "MultiVenueObjectiveC/MultiVenueObjectiveC-Bridging-Header.h";
			};
			name = Release;
		};
/* End XCBuildConfiguration section */

/* Begin XCConfigurationList section */
		926FC6631D34B44A00EC6B62 /* Build configuration list for PBXProject "MultiVenueObjectiveC" */ = {
			isa = XCConfigurationList;
			buildConfigurations = (
				926FC67D1D34B44B00EC6B62 /* Debug */,
				926FC67E1D34B44B00EC6B62 /* Release */,
			);
			defaultConfigurationIsVisible = 0;
			defaultConfigurationName = Release;
		};
		926FC67F1D34B44B00EC6B62 /* Build configuration list for PBXNativeTarget "MultiVenueObjectiveC" */ = {
			isa = XCConfigurationList;
			buildConfigurations = (
				926FC6801D34B44B00EC6B62 /* Debug */,
				926FC6811D34B44B00EC6B62 /* Release */,
			);
			defaultConfigurationIsVisible = 0;
			defaultConfigurationName = Release;
		};
/* End XCConfigurationList section */
	};
	rootObject = 926FC6601D34B44A00EC6B62 /* Project object */;
}
