// !$*UTF8*$!
{
	archiveVersion = 1;
	classes = {
	};
	objectVersion = 48;
	objects = {

/* Begin PBXBuildFile section */
		362606581FB524D3008445AA /* AppDelegate.swift in Sources */ = {isa = PBXBuildFile; fileRef = 362606571FB524D3008445AA /* AppDelegate.swift */; };
		3626065D1FB524D3008445AA /* Main.storyboard in Resources */ = {isa = PBXBuildFile; fileRef = 3626065B1FB524D3008445AA /* Main.storyboard */; };
		362606621FB524D3008445AA /* LaunchScreen.storyboard in Resources */ = {isa = PBXBuildFile; fileRef = 362606601FB524D3008445AA /* LaunchScreen.storyboard */; };
		364F563C1FC3D89D003C09D3 /* Extensions.swift in Sources */ = {isa = PBXBuildFile; fileRef = 364F563B1FC3D89D003C09D3 /* Extensions.swift */; };
		36A65DF71FBE1FE6008ED420 /* RoundUI.swift in Sources */ = {isa = PBXBuildFile; fileRef = 36A65DF61FBE1FE6008ED420 /* RoundUI.swift */; };
		36A65DFA1FBE2030008ED420 /* Colors.swift in Sources */ = {isa = PBXBuildFile; fileRef = 36A65DF91FBE2030008ED420 /* Colors.swift */; };
		36D539041FF7084800A6C459 /* NavigationState.swift in Sources */ = {isa = PBXBuildFile; fileRef = 36D539031FF7084800A6C459 /* NavigationState.swift */; };
		36EF22CF1FB6035300797513 /* LocationService.swift in Sources */ = {isa = PBXBuildFile; fileRef = 36EF22CE1FB6035300797513 /* LocationService.swift */; };
		36FC49A11FB548A50036AABA /* Service.swift in Sources */ = {isa = PBXBuildFile; fileRef = 36FC49A01FB548A50036AABA /* Service.swift */; };
		36FC49A31FB548F40036AABA /* Venue.swift in Sources */ = {isa = PBXBuildFile; fileRef = 36FC49A21FB548F40036AABA /* Venue.swift */; };
		36FC49AA1FB5498B0036AABA /* VenueMapViewController.swift in Sources */ = {isa = PBXBuildFile; fileRef = 36FC49A91FB5498B0036AABA /* VenueMapViewController.swift */; };
		3B53B465229F17010005A8EA /* ArrivalNotificationView.swift in Sources */ = {isa = PBXBuildFile; fileRef = 3B53B463229F17000005A8EA /* ArrivalNotificationView.swift */; };
		3B53B466229F17010005A8EA /* ArrivalNotificationView.xib in Resources */ = {isa = PBXBuildFile; fileRef = 3B53B464229F17000005A8EA /* ArrivalNotificationView.xib */; };
		3B53B46822A5BAEA0005A8EA /* ActionPromptView.xib in Resources */ = {isa = PBXBuildFile; fileRef = 3B53B46722A5BAEA0005A8EA /* ActionPromptView.xib */; };
		3B53B46A22A5BF350005A8EA /* ActionPromptView.swift in Sources */ = {isa = PBXBuildFile; fileRef = 3B53B46922A5BF350005A8EA /* ActionPromptView.swift */; };
		3BAB25C022AE9C5D002DC9FC /* FloorSelectionCell.xib in Resources */ = {isa = PBXBuildFile; fileRef = 3BAB25BF22AE9C5D002DC9FC /* FloorSelectionCell.xib */; };
		3BAB25C222AE9D46002DC9FC /* FloorSelectionView.xib in Resources */ = {isa = PBXBuildFile; fileRef = 3BAB25C122AE9D45002DC9FC /* FloorSelectionView.xib */; };
		3BDA430022C1D35D0059FB9F /* VenueSelectorCell.xib in Resources */ = {isa = PBXBuildFile; fileRef = 3BDA42FD22C1D35D0059FB9F /* VenueSelectorCell.xib */; };
		3BDA430122C1D35D0059FB9F /* VenueSelectorView.xib in Resources */ = {isa = PBXBuildFile; fileRef = 3BDA42FE22C1D35D0059FB9F /* VenueSelectorView.xib */; };
		3BDA430222C1D35D0059FB9F /* VenueSelectorView.swift in Sources */ = {isa = PBXBuildFile; fileRef = 3BDA42FF22C1D35D0059FB9F /* VenueSelectorView.swift */; };
		870A5554203F6263007F7DCA /* SF-Pro-Display-Regular.otf in Resources */ = {isa = PBXBuildFile; fileRef = 870A5553203F6263007F7DCA /* SF-Pro-Display-Regular.otf */; };
		872499E820316E71007B45B8 /* SearchView.xib in Resources */ = {isa = PBXBuildFile; fileRef = 872499E720316E71007B45B8 /* SearchView.xib */; };
		872499EA20316F8D007B45B8 /* SearchView.swift in Sources */ = {isa = PBXBuildFile; fileRef = 872499E920316F8D007B45B8 /* SearchView.swift */; };
		872499EC20317EB7007B45B8 /* SearchResultCell.xib in Resources */ = {isa = PBXBuildFile; fileRef = 872499EB20317EB7007B45B8 /* SearchResultCell.xib */; };
		872CD32620470944007F4026 /* PathSelectState.swift in Sources */ = {isa = PBXBuildFile; fileRef = 872CD32520470944007F4026 /* PathSelectState.swift */; };
		872CD32820471955007F4026 /* PathSelectStatus.swift in Sources */ = {isa = PBXBuildFile; fileRef = 872CD32720471955007F4026 /* PathSelectStatus.swift */; };
		872CD32A20471967007F4026 /* PathSelectStatus.xib in Resources */ = {isa = PBXBuildFile; fileRef = 872CD32920471967007F4026 /* PathSelectStatus.xib */; };
		875CCC3D2045DE580056DB33 /* PathSelectView.swift in Sources */ = {isa = PBXBuildFile; fileRef = 875CCC3C2045DE580056DB33 /* PathSelectView.swift */; };
		87AD373B20460B2700559E64 /* PathSelectView.xib in Resources */ = {isa = PBXBuildFile; fileRef = 87AD373A20460B2700559E64 /* PathSelectView.xib */; };
		87B8662F20110AC700976352 /* DirectionView.xib in Resources */ = {isa = PBXBuildFile; fileRef = 87B8662E20110AC700976352 /* DirectionView.xib */; };
		87B8663120110CC300976352 /* DirectionView.swift in Sources */ = {isa = PBXBuildFile; fileRef = 87B8663020110CC300976352 /* DirectionView.swift */; };
		87B866332018DCC300976352 /* ContainerView.swift in Sources */ = {isa = PBXBuildFile; fileRef = 87B866322018DCC300976352 /* ContainerView.swift */; };
		87E864832033E27500E4C99E /* FloorSelectionView.swift in Sources */ = {isa = PBXBuildFile; fileRef = 87E864822033E27500E4C99E /* FloorSelectionView.swift */; };
		87EAEF70202BF2C9001332B7 /* DirectionStatusView.xib in Resources */ = {isa = PBXBuildFile; fileRef = 87EAEF6F202BF2C9001332B7 /* DirectionStatusView.xib */; };
		87EAEF72202BFB6A001332B7 /* DirectionStatusView.swift in Sources */ = {isa = PBXBuildFile; fileRef = 87EAEF71202BFB6A001332B7 /* DirectionStatusView.swift */; };
		87EAEF76202C0AFD001332B7 /* StoreInfoView.xib in Resources */ = {isa = PBXBuildFile; fileRef = 87EAEF75202C0AFD001332B7 /* StoreInfoView.xib */; };
		87EAEF78202CE982001332B7 /* StoreInfoView.swift in Sources */ = {isa = PBXBuildFile; fileRef = 87EAEF77202CE982001332B7 /* StoreInfoView.swift */; };
		C7BFC6F304A4F2DDE0FC5C85 /* libPods-Wayfinding Demo.a in Frameworks */ = {isa = PBXBuildFile; fileRef = 620D3451C490E93D5E95BC1A /* libPods-Wayfinding Demo.a */; };
		FA196102207E61D400FB0F2C /* Assets.xcassets in Resources */ = {isa = PBXBuildFile; fileRef = FA196101207E61D400FB0F2C /* Assets.xcassets */; };
/* End PBXBuildFile section */

/* Begin PBXFileReference section */
		362606541FB524D3008445AA /* Wayfinding Demo.app */ = {isa = PBXFileReference; explicitFileType = wrapper.application; includeInIndex = 0; path = "Wayfinding Demo.app"; sourceTree = BUILT_PRODUCTS_DIR; };
		362606571FB524D3008445AA /* AppDelegate.swift */ = {isa = PBXFileReference; lastKnownFileType = sourcecode.swift; path = AppDelegate.swift; sourceTree = "<group>"; };
		3626065C1FB524D3008445AA /* Base */ = {isa = PBXFileReference; lastKnownFileType = file.storyboard; name = Base; path = Base.lproj/Main.storyboard; sourceTree = "<group>"; };
		362606611FB524D3008445AA /* Base */ = {isa = PBXFileReference; lastKnownFileType = file.storyboard; name = Base; path = Base.lproj/LaunchScreen.storyboard; sourceTree = "<group>"; };
		364F563B1FC3D89D003C09D3 /* Extensions.swift */ = {isa = PBXFileReference; fileEncoding = 4; lastKnownFileType = sourcecode.swift; path = Extensions.swift; sourceTree = "<group>"; };
		36A65DF61FBE1FE6008ED420 /* RoundUI.swift */ = {isa = PBXFileReference; lastKnownFileType = sourcecode.swift; path = RoundUI.swift; sourceTree = "<group>"; };
		36A65DF91FBE2030008ED420 /* Colors.swift */ = {isa = PBXFileReference; lastKnownFileType = sourcecode.swift; path = Colors.swift; sourceTree = "<group>"; };
		36D539031FF7084800A6C459 /* NavigationState.swift */ = {isa = PBXFileReference; lastKnownFileType = sourcecode.swift; path = NavigationState.swift; sourceTree = "<group>"; };
		36EF22CE1FB6035300797513 /* LocationService.swift */ = {isa = PBXFileReference; lastKnownFileType = sourcecode.swift; path = LocationService.swift; sourceTree = "<group>"; };
		36FC49A01FB548A50036AABA /* Service.swift */ = {isa = PBXFileReference; lastKnownFileType = sourcecode.swift; path = Service.swift; sourceTree = "<group>"; };
		36FC49A21FB548F40036AABA /* Venue.swift */ = {isa = PBXFileReference; lastKnownFileType = sourcecode.swift; path = Venue.swift; sourceTree = "<group>"; };
		36FC49A91FB5498B0036AABA /* VenueMapViewController.swift */ = {isa = PBXFileReference; lastKnownFileType = sourcecode.swift; path = VenueMapViewController.swift; sourceTree = "<group>"; };
		3B53B463229F17000005A8EA /* ArrivalNotificationView.swift */ = {isa = PBXFileReference; fileEncoding = 4; lastKnownFileType = sourcecode.swift; path = ArrivalNotificationView.swift; sourceTree = "<group>"; };
		3B53B464229F17000005A8EA /* ArrivalNotificationView.xib */ = {isa = PBXFileReference; fileEncoding = 4; lastKnownFileType = file.xib; path = ArrivalNotificationView.xib; sourceTree = "<group>"; };
		3B53B46722A5BAEA0005A8EA /* ActionPromptView.xib */ = {isa = PBXFileReference; lastKnownFileType = file.xib; path = ActionPromptView.xib; sourceTree = "<group>"; };
		3B53B46922A5BF350005A8EA /* ActionPromptView.swift */ = {isa = PBXFileReference; lastKnownFileType = sourcecode.swift; path = ActionPromptView.swift; sourceTree = "<group>"; };
		3BAB25BF22AE9C5D002DC9FC /* FloorSelectionCell.xib */ = {isa = PBXFileReference; fileEncoding = 4; lastKnownFileType = file.xib; path = FloorSelectionCell.xib; sourceTree = "<group>"; };
		3BAB25C122AE9D45002DC9FC /* FloorSelectionView.xib */ = {isa = PBXFileReference; fileEncoding = 4; lastKnownFileType = file.xib; path = FloorSelectionView.xib; sourceTree = "<group>"; };
		3BDA42FD22C1D35D0059FB9F /* VenueSelectorCell.xib */ = {isa = PBXFileReference; fileEncoding = 4; lastKnownFileType = file.xib; path = VenueSelectorCell.xib; sourceTree = "<group>"; };
		3BDA42FE22C1D35D0059FB9F /* VenueSelectorView.xib */ = {isa = PBXFileReference; fileEncoding = 4; lastKnownFileType = file.xib; path = VenueSelectorView.xib; sourceTree = "<group>"; };
		3BDA42FF22C1D35D0059FB9F /* VenueSelectorView.swift */ = {isa = PBXFileReference; fileEncoding = 4; lastKnownFileType = sourcecode.swift; path = VenueSelectorView.swift; sourceTree = "<group>"; };
		3BFE1D41229C3D4000A9FF38 /* Location.gpx */ = {isa = PBXFileReference; lastKnownFileType = text.xml; path = Location.gpx; sourceTree = "<group>"; };
		620D3451C490E93D5E95BC1A /* libPods-Wayfinding Demo.a */ = {isa = PBXFileReference; explicitFileType = archive.ar; includeInIndex = 0; path = "libPods-Wayfinding Demo.a"; sourceTree = BUILT_PRODUCTS_DIR; };
		870A5553203F6263007F7DCA /* SF-Pro-Display-Regular.otf */ = {isa = PBXFileReference; lastKnownFileType = file; path = "SF-Pro-Display-Regular.otf"; sourceTree = "<group>"; };
		872499E720316E71007B45B8 /* SearchView.xib */ = {isa = PBXFileReference; lastKnownFileType = file.xib; path = SearchView.xib; sourceTree = "<group>"; };
		872499E920316F8D007B45B8 /* SearchView.swift */ = {isa = PBXFileReference; lastKnownFileType = sourcecode.swift; path = SearchView.swift; sourceTree = "<group>"; };
		872499EB20317EB7007B45B8 /* SearchResultCell.xib */ = {isa = PBXFileReference; lastKnownFileType = file.xib; path = SearchResultCell.xib; sourceTree = "<group>"; };
		872CD32520470944007F4026 /* PathSelectState.swift */ = {isa = PBXFileReference; lastKnownFileType = sourcecode.swift; path = PathSelectState.swift; sourceTree = "<group>"; };
		872CD32720471955007F4026 /* PathSelectStatus.swift */ = {isa = PBXFileReference; lastKnownFileType = sourcecode.swift; path = PathSelectStatus.swift; sourceTree = "<group>"; };
		872CD32920471967007F4026 /* PathSelectStatus.xib */ = {isa = PBXFileReference; lastKnownFileType = file.xib; path = PathSelectStatus.xib; sourceTree = "<group>"; };
		875CCC3C2045DE580056DB33 /* PathSelectView.swift */ = {isa = PBXFileReference; lastKnownFileType = sourcecode.swift; path = PathSelectView.swift; sourceTree = "<group>"; };
		878530C6200E6B3600CFEC7D /* Info.plist */ = {isa = PBXFileReference; fileEncoding = 4; lastKnownFileType = text.plist.xml; path = Info.plist; sourceTree = "<group>"; };
		87AD373A20460B2700559E64 /* PathSelectView.xib */ = {isa = PBXFileReference; lastKnownFileType = file.xib; path = PathSelectView.xib; sourceTree = "<group>"; };
		87B8662E20110AC700976352 /* DirectionView.xib */ = {isa = PBXFileReference; lastKnownFileType = file.xib; path = DirectionView.xib; sourceTree = "<group>"; };
		87B8663020110CC300976352 /* DirectionView.swift */ = {isa = PBXFileReference; lastKnownFileType = sourcecode.swift; path = DirectionView.swift; sourceTree = "<group>"; };
		87B866322018DCC300976352 /* ContainerView.swift */ = {isa = PBXFileReference; lastKnownFileType = sourcecode.swift; path = ContainerView.swift; sourceTree = "<group>"; };
		87E864822033E27500E4C99E /* FloorSelectionView.swift */ = {isa = PBXFileReference; lastKnownFileType = sourcecode.swift; path = FloorSelectionView.swift; sourceTree = "<group>"; };
		87EAEF6F202BF2C9001332B7 /* DirectionStatusView.xib */ = {isa = PBXFileReference; lastKnownFileType = file.xib; path = DirectionStatusView.xib; sourceTree = "<group>"; };
		87EAEF71202BFB6A001332B7 /* DirectionStatusView.swift */ = {isa = PBXFileReference; lastKnownFileType = sourcecode.swift; path = DirectionStatusView.swift; sourceTree = "<group>"; };
		87EAEF75202C0AFD001332B7 /* StoreInfoView.xib */ = {isa = PBXFileReference; lastKnownFileType = file.xib; path = StoreInfoView.xib; sourceTree = "<group>"; };
		87EAEF77202CE982001332B7 /* StoreInfoView.swift */ = {isa = PBXFileReference; lastKnownFileType = sourcecode.swift; path = StoreInfoView.swift; sourceTree = "<group>"; };
		A64986AA96B69F1407DCCEA7 /* Pods-Wayfinding Demo.release.xcconfig */ = {isa = PBXFileReference; includeInIndex = 1; lastKnownFileType = text.xcconfig; name = "Pods-Wayfinding Demo.release.xcconfig"; path = "Target Support Files/Pods-Wayfinding Demo/Pods-Wayfinding Demo.release.xcconfig"; sourceTree = "<group>"; };
		F9ABE363BABAC7A542806AD6 /* Pods-Wayfinding Demo.debug.xcconfig */ = {isa = PBXFileReference; includeInIndex = 1; lastKnownFileType = text.xcconfig; name = "Pods-Wayfinding Demo.debug.xcconfig"; path = "Target Support Files/Pods-Wayfinding Demo/Pods-Wayfinding Demo.debug.xcconfig"; sourceTree = "<group>"; };
		FA196101207E61D400FB0F2C /* Assets.xcassets */ = {isa = PBXFileReference; lastKnownFileType = folder.assetcatalog; name = Assets.xcassets; path = "Source/Supporting Files/Assets.xcassets"; sourceTree = SOURCE_ROOT; };
/* End PBXFileReference section */

/* Begin PBXFrameworksBuildPhase section */
		362606511FB524D3008445AA /* Frameworks */ = {
			isa = PBXFrameworksBuildPhase;
			buildActionMask = 2147483647;
			files = (
				C7BFC6F304A4F2DDE0FC5C85 /* libPods-Wayfinding Demo.a in Frameworks */,
			);
			runOnlyForDeploymentPostprocessing = 0;
		};
/* End PBXFrameworksBuildPhase section */

/* Begin PBXGroup section */
		3626064B1FB524D3008445AA = {
			isa = PBXGroup;
			children = (
				3BFE1D41229C3D4000A9FF38 /* Location.gpx */,
				362606561FB524D3008445AA /* Source */,
				362606551FB524D3008445AA /* Products */,
				E28DEBF35B50F4DEF600DC90 /* Pods */,
				853B70F2CE1DC4B0DE95B9EA /* Frameworks */,
			);
			sourceTree = "<group>";
		};
		362606551FB524D3008445AA /* Products */ = {
			isa = PBXGroup;
			children = (
				362606541FB524D3008445AA /* Wayfinding Demo.app */,
			);
			name = Products;
			sourceTree = "<group>";
		};
		362606561FB524D3008445AA /* Source */ = {
			isa = PBXGroup;
			children = (
				878530C6200E6B3600CFEC7D /* Info.plist */,
				3626065B1FB524D3008445AA /* Main.storyboard */,
				364F563B1FC3D89D003C09D3 /* Extensions.swift */,
				36A65DF61FBE1FE6008ED420 /* RoundUI.swift */,
				36A65DF91FBE2030008ED420 /* Colors.swift */,
				36FC49A91FB5498B0036AABA /* VenueMapViewController.swift */,
				872CD32520470944007F4026 /* PathSelectState.swift */,
				36D539031FF7084800A6C459 /* NavigationState.swift */,
				36FC49AF1FB54A830036AABA /* Views */,
				36FC49A41FB549060036AABA /* Map Services */,
				36FC49AD1FB54A540036AABA /* Supporting Files */,
			);
			path = Source;
			sourceTree = "<group>";
		};
		36FC49A41FB549060036AABA /* Map Services */ = {
			isa = PBXGroup;
			children = (
				36FC49A01FB548A50036AABA /* Service.swift */,
				36FC49A21FB548F40036AABA /* Venue.swift */,
				36EF22CE1FB6035300797513 /* LocationService.swift */,
			);
			path = "Map Services";
			sourceTree = "<group>";
		};
		36FC49AD1FB54A540036AABA /* Supporting Files */ = {
			isa = PBXGroup;
			children = (
				FA196101207E61D400FB0F2C /* Assets.xcassets */,
				362606571FB524D3008445AA /* AppDelegate.swift */,
				362606601FB524D3008445AA /* LaunchScreen.storyboard */,
				870A5553203F6263007F7DCA /* SF-Pro-Display-Regular.otf */,
			);
			path = "Supporting Files";
			sourceTree = "<group>";
		};
		36FC49AF1FB54A830036AABA /* Views */ = {
			isa = PBXGroup;
			children = (
				3BDA42FD22C1D35D0059FB9F /* VenueSelectorCell.xib */,
				3BDA42FF22C1D35D0059FB9F /* VenueSelectorView.swift */,
				3BDA42FE22C1D35D0059FB9F /* VenueSelectorView.xib */,
				3BAB25BF22AE9C5D002DC9FC /* FloorSelectionCell.xib */,
				3B53B463229F17000005A8EA /* ArrivalNotificationView.swift */,
				3B53B464229F17000005A8EA /* ArrivalNotificationView.xib */,
				87B866322018DCC300976352 /* ContainerView.swift */,
				87B8662E20110AC700976352 /* DirectionView.xib */,
				87B8663020110CC300976352 /* DirectionView.swift */,
				87EAEF6F202BF2C9001332B7 /* DirectionStatusView.xib */,
				87EAEF71202BFB6A001332B7 /* DirectionStatusView.swift */,
				87EAEF75202C0AFD001332B7 /* StoreInfoView.xib */,
				87EAEF77202CE982001332B7 /* StoreInfoView.swift */,
				872499E720316E71007B45B8 /* SearchView.xib */,
				872499E920316F8D007B45B8 /* SearchView.swift */,
				872499EB20317EB7007B45B8 /* SearchResultCell.xib */,
				3BAB25C122AE9D45002DC9FC /* FloorSelectionView.xib */,
				87E864822033E27500E4C99E /* FloorSelectionView.swift */,
				87AD373A20460B2700559E64 /* PathSelectView.xib */,
				875CCC3C2045DE580056DB33 /* PathSelectView.swift */,
				872CD32920471967007F4026 /* PathSelectStatus.xib */,
				872CD32720471955007F4026 /* PathSelectStatus.swift */,
				3B53B46922A5BF350005A8EA /* ActionPromptView.swift */,
				3B53B46722A5BAEA0005A8EA /* ActionPromptView.xib */,
			);
			path = Views;
			sourceTree = "<group>";
		};
		853B70F2CE1DC4B0DE95B9EA /* Frameworks */ = {
			isa = PBXGroup;
			children = (
				620D3451C490E93D5E95BC1A /* libPods-Wayfinding Demo.a */,
			);
			name = Frameworks;
			sourceTree = "<group>";
		};
		E28DEBF35B50F4DEF600DC90 /* Pods */ = {
			isa = PBXGroup;
			children = (
				F9ABE363BABAC7A542806AD6 /* Pods-Wayfinding Demo.debug.xcconfig */,
				A64986AA96B69F1407DCCEA7 /* Pods-Wayfinding Demo.release.xcconfig */,
			);
			name = Pods;
			path = Pods;
			sourceTree = "<group>";
		};
/* End PBXGroup section */

/* Begin PBXNativeTarget section */
		362606531FB524D3008445AA /* Wayfinding Demo */ = {
			isa = PBXNativeTarget;
			buildConfigurationList = 362606661FB524D3008445AA /* Build configuration list for PBXNativeTarget "Wayfinding Demo" */;
			buildPhases = (
				6A074BF0B20F8F5276380BB9 /* [CP] Check Pods Manifest.lock */,
				3D2F3D5EA06C4AE1EDC72E0E /* [CP] Prepare Artifacts */,
				362606501FB524D3008445AA /* Sources */,
				362606511FB524D3008445AA /* Frameworks */,
				362606521FB524D3008445AA /* Resources */,
				648C68E29BD74392BF796BDE /* [CP] Embed Pods Frameworks */,
			);
			buildRules = (
			);
			dependencies = (
			);
			name = "Wayfinding Demo";
			productName = UpdatedExample;
			productReference = 362606541FB524D3008445AA /* Wayfinding Demo.app */;
			productType = "com.apple.product-type.application";
		};
/* End PBXNativeTarget section */

/* Begin PBXProject section */
		3626064C1FB524D3008445AA /* Project object */ = {
			isa = PBXProject;
			attributes = {
				LastSwiftUpdateCheck = 0910;
				LastUpgradeCheck = 1020;
				ORGANIZATIONNAME = Mappedin;
				TargetAttributes = {
					362606531FB524D3008445AA = {
						CreatedOnToolsVersion = 9.1;
						LastSwiftMigration = 1020;
						ProvisioningStyle = Automatic;
					};
				};
			};
			buildConfigurationList = 3626064F1FB524D3008445AA /* Build configuration list for PBXProject "Wayfinding Demo" */;
			compatibilityVersion = "Xcode 8.0";
			developmentRegion = en;
			hasScannedForEncodings = 0;
			knownRegions = (
				en,
				Base,
			);
			mainGroup = 3626064B1FB524D3008445AA;
			productRefGroup = 362606551FB524D3008445AA /* Products */;
			projectDirPath = "";
			projectRoot = "";
			targets = (
				362606531FB524D3008445AA /* Wayfinding Demo */,
			);
		};
/* End PBXProject section */

/* Begin PBXResourcesBuildPhase section */
		362606521FB524D3008445AA /* Resources */ = {
			isa = PBXResourcesBuildPhase;
			buildActionMask = 2147483647;
			files = (
				870A5554203F6263007F7DCA /* SF-Pro-Display-Regular.otf in Resources */,
				362606621FB524D3008445AA /* LaunchScreen.storyboard in Resources */,
				3B53B466229F17010005A8EA /* ArrivalNotificationView.xib in Resources */,
				3626065D1FB524D3008445AA /* Main.storyboard in Resources */,
				3BAB25C222AE9D46002DC9FC /* FloorSelectionView.xib in Resources */,
				872499E820316E71007B45B8 /* SearchView.xib in Resources */,
				FA196102207E61D400FB0F2C /* Assets.xcassets in Resources */,
				3BDA430122C1D35D0059FB9F /* VenueSelectorView.xib in Resources */,
				872499EC20317EB7007B45B8 /* SearchResultCell.xib in Resources */,
				87B8662F20110AC700976352 /* DirectionView.xib in Resources */,
				872CD32A20471967007F4026 /* PathSelectStatus.xib in Resources */,
				3BDA430022C1D35D0059FB9F /* VenueSelectorCell.xib in Resources */,
				87EAEF76202C0AFD001332B7 /* StoreInfoView.xib in Resources */,
				87EAEF70202BF2C9001332B7 /* DirectionStatusView.xib in Resources */,
				3B53B46822A5BAEA0005A8EA /* ActionPromptView.xib in Resources */,
				87AD373B20460B2700559E64 /* PathSelectView.xib in Resources */,
				3BAB25C022AE9C5D002DC9FC /* FloorSelectionCell.xib in Resources */,
			);
			runOnlyForDeploymentPostprocessing = 0;
		};
/* End PBXResourcesBuildPhase section */

/* Begin PBXShellScriptBuildPhase section */
		3D2F3D5EA06C4AE1EDC72E0E /* [CP] Prepare Artifacts */ = {
			isa = PBXShellScriptBuildPhase;
			buildActionMask = 2147483647;
			files = (
			);
			inputPaths = (
				"${PODS_ROOT}/Target Support Files/Pods-Wayfinding Demo/Pods-Wayfinding Demo-artifacts.sh",
				"${PODS_ROOT}/MappedIn/Mappedin.xcframework",
			);
			name = "[CP] Prepare Artifacts";
			outputPaths = (
				"${BUILT_PRODUCTS_DIR}/cocoapods-artifacts-${CONFIGURATION}.txt",
			);
			runOnlyForDeploymentPostprocessing = 0;
			shellPath = /bin/sh;
			shellScript = "\"${PODS_ROOT}/Target Support Files/Pods-Wayfinding Demo/Pods-Wayfinding Demo-artifacts.sh\"\n";
			showEnvVarsInLog = 0;
		};
		648C68E29BD74392BF796BDE /* [CP] Embed Pods Frameworks */ = {
			isa = PBXShellScriptBuildPhase;
			buildActionMask = 2147483647;
			files = (
			);
			inputPaths = (
				"${PODS_ROOT}/Target Support Files/Pods-Wayfinding Demo/Pods-Wayfinding Demo-frameworks.sh",
				"${BUILT_PRODUCTS_DIR}/cocoapods-artifacts-${CONFIGURATION}.txt",
			);
			name = "[CP] Embed Pods Frameworks";
			outputPaths = (
			);
			runOnlyForDeploymentPostprocessing = 0;
			shellPath = /bin/sh;
			shellScript = "\"${PODS_ROOT}/Target Support Files/Pods-Wayfinding Demo/Pods-Wayfinding Demo-frameworks.sh\"\n";
			showEnvVarsInLog = 0;
		};
		6A074BF0B20F8F5276380BB9 /* [CP] Check Pods Manifest.lock */ = {
			isa = PBXShellScriptBuildPhase;
			buildActionMask = 2147483647;
			files = (
			);
			inputFileListPaths = (
			);
			inputPaths = (
				"${PODS_PODFILE_DIR_PATH}/Podfile.lock",
				"${PODS_ROOT}/Manifest.lock",
			);
			name = "[CP] Check Pods Manifest.lock";
			outputFileListPaths = (
			);
			outputPaths = (
				"$(DERIVED_FILE_DIR)/Pods-Wayfinding Demo-checkManifestLockResult.txt",
			);
			runOnlyForDeploymentPostprocessing = 0;
			shellPath = /bin/sh;
			shellScript = "diff \"${PODS_PODFILE_DIR_PATH}/Podfile.lock\" \"${PODS_ROOT}/Manifest.lock\" > /dev/null\nif [ $? != 0 ] ; then\n    # print error to STDERR\n    echo \"error: The sandbox is not in sync with the Podfile.lock. Run 'pod install' or update your CocoaPods installation.\" >&2\n    exit 1\nfi\n# This output is used by Xcode 'outputs' to avoid re-running this script phase.\necho \"SUCCESS\" > \"${SCRIPT_OUTPUT_FILE_0}\"\n";
			showEnvVarsInLog = 0;
		};
/* End PBXShellScriptBuildPhase section */

/* Begin PBXSourcesBuildPhase section */
		362606501FB524D3008445AA /* Sources */ = {
			isa = PBXSourcesBuildPhase;
			buildActionMask = 2147483647;
			files = (
				3B53B46A22A5BF350005A8EA /* ActionPromptView.swift in Sources */,
				36A65DFA1FBE2030008ED420 /* Colors.swift in Sources */,
				872499EA20316F8D007B45B8 /* SearchView.swift in Sources */,
				87EAEF72202BFB6A001332B7 /* DirectionStatusView.swift in Sources */,
				36D539041FF7084800A6C459 /* NavigationState.swift in Sources */,
				36FC49A31FB548F40036AABA /* Venue.swift in Sources */,
				36EF22CF1FB6035300797513 /* LocationService.swift in Sources */,
				872CD32820471955007F4026 /* PathSelectStatus.swift in Sources */,
				872CD32620470944007F4026 /* PathSelectState.swift in Sources */,
				87E864832033E27500E4C99E /* FloorSelectionView.swift in Sources */,
				3B53B465229F17010005A8EA /* ArrivalNotificationView.swift in Sources */,
				87B8663120110CC300976352 /* DirectionView.swift in Sources */,
				362606581FB524D3008445AA /* AppDelegate.swift in Sources */,
				36FC49A11FB548A50036AABA /* Service.swift in Sources */,
				36FC49AA1FB5498B0036AABA /* VenueMapViewController.swift in Sources */,
				36A65DF71FBE1FE6008ED420 /* RoundUI.swift in Sources */,
				3BDA430222C1D35D0059FB9F /* VenueSelectorView.swift in Sources */,
				875CCC3D2045DE580056DB33 /* PathSelectView.swift in Sources */,
				87B866332018DCC300976352 /* ContainerView.swift in Sources */,
				87EAEF78202CE982001332B7 /* StoreInfoView.swift in Sources */,
				364F563C1FC3D89D003C09D3 /* Extensions.swift in Sources */,
			);
			runOnlyForDeploymentPostprocessing = 0;
		};
/* End PBXSourcesBuildPhase section */

/* Begin PBXVariantGroup section */
		3626065B1FB524D3008445AA /* Main.storyboard */ = {
			isa = PBXVariantGroup;
			children = (
				3626065C1FB524D3008445AA /* Base */,
			);
			name = Main.storyboard;
			sourceTree = "<group>";
		};
		362606601FB524D3008445AA /* LaunchScreen.storyboard */ = {
			isa = PBXVariantGroup;
			children = (
				362606611FB524D3008445AA /* Base */,
			);
			name = LaunchScreen.storyboard;
			sourceTree = "<group>";
		};
/* End PBXVariantGroup section */

/* Begin XCBuildConfiguration section */
		362606641FB524D3008445AA /* Debug */ = {
			isa = XCBuildConfiguration;
			buildSettings = {
				ALWAYS_SEARCH_USER_PATHS = NO;
				CLANG_ANALYZER_NONNULL = YES;
				CLANG_ANALYZER_NUMBER_OBJECT_CONVERSION = YES_AGGRESSIVE;
				CLANG_CXX_LANGUAGE_STANDARD = "gnu++14";
				CLANG_CXX_LIBRARY = "libc++";
				CLANG_ENABLE_MODULES = YES;
				CLANG_ENABLE_OBJC_ARC = YES;
				CLANG_WARN_BLOCK_CAPTURE_AUTORELEASING = YES;
				CLANG_WARN_BOOL_CONVERSION = YES;
				CLANG_WARN_COMMA = YES;
				CLANG_WARN_CONSTANT_CONVERSION = YES;
				CLANG_WARN_DEPRECATED_OBJC_IMPLEMENTATIONS = YES;
				CLANG_WARN_DIRECT_OBJC_ISA_USAGE = YES_ERROR;
				CLANG_WARN_DOCUMENTATION_COMMENTS = YES;
				CLANG_WARN_EMPTY_BODY = YES;
				CLANG_WARN_ENUM_CONVERSION = YES;
				CLANG_WARN_INFINITE_RECURSION = YES;
				CLANG_WARN_INT_CONVERSION = YES;
				CLANG_WARN_NON_LITERAL_NULL_CONVERSION = YES;
				CLANG_WARN_OBJC_IMPLICIT_RETAIN_SELF = YES;
				CLANG_WARN_OBJC_LITERAL_CONVERSION = YES;
				CLANG_WARN_OBJC_ROOT_CLASS = YES_ERROR;
				CLANG_WARN_RANGE_LOOP_ANALYSIS = YES;
				CLANG_WARN_STRICT_PROTOTYPES = YES;
				CLANG_WARN_SUSPICIOUS_MOVE = YES;
				CLANG_WARN_UNGUARDED_AVAILABILITY = YES_AGGRESSIVE;
				CLANG_WARN_UNREACHABLE_CODE = YES;
				CLANG_WARN__DUPLICATE_METHOD_MATCH = YES;
				CODE_SIGN_IDENTITY = "iPhone Developer";
				COPY_PHASE_STRIP = NO;
				DEBUG_INFORMATION_FORMAT = dwarf;
				ENABLE_STRICT_OBJC_MSGSEND = YES;
				ENABLE_TESTABILITY = YES;
				GCC_C_LANGUAGE_STANDARD = gnu11;
				GCC_DYNAMIC_NO_PIC = NO;
				GCC_NO_COMMON_BLOCKS = YES;
				GCC_OPTIMIZATION_LEVEL = 0;
				GCC_PREPROCESSOR_DEFINITIONS = (
					"DEBUG=1",
					"$(inherited)",
				);
				GCC_WARN_64_TO_32_BIT_CONVERSION = YES;
				GCC_WARN_ABOUT_RETURN_TYPE = YES_ERROR;
				GCC_WARN_UNDECLARED_SELECTOR = YES;
				GCC_WARN_UNINITIALIZED_AUTOS = YES_AGGRESSIVE;
				GCC_WARN_UNUSED_FUNCTION = YES;
				GCC_WARN_UNUSED_VARIABLE = YES;
				IPHONEOS_DEPLOYMENT_TARGET = 9.3;
				MTL_ENABLE_DEBUG_INFO = YES;
				ONLY_ACTIVE_ARCH = YES;
				SDKROOT = iphoneos;
				SWIFT_ACTIVE_COMPILATION_CONDITIONS = DEBUG;
				SWIFT_OPTIMIZATION_LEVEL = "-Onone";
			};
			name = Debug;
		};
		362606651FB524D3008445AA /* Release */ = {
			isa = XCBuildConfiguration;
			buildSettings = {
				ALWAYS_SEARCH_USER_PATHS = NO;
				CLANG_ANALYZER_NONNULL = YES;
				CLANG_ANALYZER_NUMBER_OBJECT_CONVERSION = YES_AGGRESSIVE;
				CLANG_CXX_LANGUAGE_STANDARD = "gnu++14";
				CLANG_CXX_LIBRARY = "libc++";
				CLANG_ENABLE_MODULES = YES;
				CLANG_ENABLE_OBJC_ARC = YES;
				CLANG_WARN_BLOCK_CAPTURE_AUTORELEASING = YES;
				CLANG_WARN_BOOL_CONVERSION = YES;
				CLANG_WARN_COMMA = YES;
				CLANG_WARN_CONSTANT_CONVERSION = YES;
				CLANG_WARN_DEPRECATED_OBJC_IMPLEMENTATIONS = YES;
				CLANG_WARN_DIRECT_OBJC_ISA_USAGE = YES_ERROR;
				CLANG_WARN_DOCUMENTATION_COMMENTS = YES;
				CLANG_WARN_EMPTY_BODY = YES;
				CLANG_WARN_ENUM_CONVERSION = YES;
				CLANG_WARN_INFINITE_RECURSION = YES;
				CLANG_WARN_INT_CONVERSION = YES;
				CLANG_WARN_NON_LITERAL_NULL_CONVERSION = YES;
				CLANG_WARN_OBJC_IMPLICIT_RETAIN_SELF = YES;
				CLANG_WARN_OBJC_LITERAL_CONVERSION = YES;
				CLANG_WARN_OBJC_ROOT_CLASS = YES_ERROR;
				CLANG_WARN_RANGE_LOOP_ANALYSIS = YES;
				CLANG_WARN_STRICT_PROTOTYPES = YES;
				CLANG_WARN_SUSPICIOUS_MOVE = YES;
				CLANG_WARN_UNGUARDED_AVAILABILITY = YES_AGGRESSIVE;
				CLANG_WARN_UNREACHABLE_CODE = YES;
				CLANG_WARN__DUPLICATE_METHOD_MATCH = YES;
				CODE_SIGN_IDENTITY = "iPhone Developer";
				COPY_PHASE_STRIP = NO;
				DEBUG_INFORMATION_FORMAT = "dwarf-with-dsym";
				ENABLE_NS_ASSERTIONS = NO;
				ENABLE_STRICT_OBJC_MSGSEND = YES;
				GCC_C_LANGUAGE_STANDARD = gnu11;
				GCC_NO_COMMON_BLOCKS = YES;
				GCC_WARN_64_TO_32_BIT_CONVERSION = YES;
				GCC_WARN_ABOUT_RETURN_TYPE = YES_ERROR;
				GCC_WARN_UNDECLARED_SELECTOR = YES;
				GCC_WARN_UNINITIALIZED_AUTOS = YES_AGGRESSIVE;
				GCC_WARN_UNUSED_FUNCTION = YES;
				GCC_WARN_UNUSED_VARIABLE = YES;
				IPHONEOS_DEPLOYMENT_TARGET = 9.3;
				MTL_ENABLE_DEBUG_INFO = NO;
				SDKROOT = iphoneos;
				SWIFT_OPTIMIZATION_LEVEL = "-Owholemodule";
				VALIDATE_PRODUCT = YES;
			};
			name = Release;
		};
		362606671FB524D3008445AA /* Debug */ = {
			isa = XCBuildConfiguration;
			baseConfigurationReference = F9ABE363BABAC7A542806AD6 /* Pods-Wayfinding Demo.debug.xcconfig */;
			buildSettings = {
				ASSETCATALOG_COMPILER_APPICON_NAME = AppIcon;
				CODE_SIGN_STYLE = Automatic;
				DEVELOPMENT_TEAM = H6C2924QA5;
				INFOPLIST_FILE = Source/Info.plist;
				IPHONEOS_DEPLOYMENT_TARGET = 11.0;
				LD_RUNPATH_SEARCH_PATHS = "$(inherited) @executable_path/Frameworks";
				PRODUCT_BUNDLE_IDENTIFIER = "com.mappedin.wayfinding-demo";
				PRODUCT_NAME = "$(TARGET_NAME)";
				SWIFT_VERSION = 5.0;
				TARGETED_DEVICE_FAMILY = "1,2";
			};
			name = Debug;
		};
		362606681FB524D3008445AA /* Release */ = {
			isa = XCBuildConfiguration;
			baseConfigurationReference = A64986AA96B69F1407DCCEA7 /* Pods-Wayfinding Demo.release.xcconfig */;
			buildSettings = {
				ASSETCATALOG_COMPILER_APPICON_NAME = AppIcon;
				CODE_SIGN_STYLE = Automatic;
				DEVELOPMENT_TEAM = H6C2924QA5;
				INFOPLIST_FILE = Source/Info.plist;
				IPHONEOS_DEPLOYMENT_TARGET = 11.0;
				LD_RUNPATH_SEARCH_PATHS = "$(inherited) @executable_path/Frameworks";
				PRODUCT_BUNDLE_IDENTIFIER = "com.mappedin.wayfinding-demo";
				PRODUCT_NAME = "$(TARGET_NAME)";
				SWIFT_VERSION = 5.0;
				TARGETED_DEVICE_FAMILY = "1,2";
			};
			name = Release;
		};
/* End XCBuildConfiguration section */

/* Begin XCConfigurationList section */
		3626064F1FB524D3008445AA /* Build configuration list for PBXProject "Wayfinding Demo" */ = {
			isa = XCConfigurationList;
			buildConfigurations = (
				362606641FB524D3008445AA /* Debug */,
				362606651FB524D3008445AA /* Release */,
			);
			defaultConfigurationIsVisible = 0;
			defaultConfigurationName = Release;
		};
		362606661FB524D3008445AA /* Build configuration list for PBXNativeTarget "Wayfinding Demo" */ = {
			isa = XCConfigurationList;
			buildConfigurations = (
				362606671FB524D3008445AA /* Debug */,
				362606681FB524D3008445AA /* Release */,
			);
			defaultConfigurationIsVisible = 0;
			defaultConfigurationName = Release;
		};
/* End XCConfigurationList section */
	};
	rootObject = 3626064C1FB524D3008445AA /* Project object */;
}
