// !$*UTF8*$!
{
	archiveVersion = 1;
	classes = {
	};
	objectVersion = 54;
	objects = {

/* Begin PBXBuildFile section */
		1422365EA6A4B11866F8C129 /* libPods-PlaygroundSamples.a in Frameworks */ = {isa = PBXBuildFile; fileRef = 0AD0523A208946D2F7832150 /* libPods-PlaygroundSamples.a */; };
		924B550F2971EDA200DDA0F5 /* RenderMapVC.swift in Sources */ = {isa = PBXBuildFile; fileRef = 924B550E2971EDA200DDA0F5 /* RenderMapVC.swift */; };
		924B55112971F5E300DDA0F5 /* AddingInteractivityVC.swift in Sources */ = {isa = PBXBuildFile; fileRef = 924B55102971F5E300DDA0F5 /* AddingInteractivityVC.swift */; };
		924B55132971F9DD00DDA0F5 /* ExampleCell.swift in Sources */ = {isa = PBXBuildFile; fileRef = 924B55122971F9DD00DDA0F5 /* ExampleCell.swift */; };
		924B55192972041D00DDA0F5 /* MarkersVC.swift in Sources */ = {isa = PBXBuildFile; fileRef = 924B55182972041D00DDA0F5 /* MarkersVC.swift */; };
		9250FA8F2975ADD0007117CA /* ABWayfindingVC.swift in Sources */ = {isa = PBXBuildFile; fileRef = 9250FA8E2975ADD0007117CA /* ABWayfindingVC.swift */; };
		9250FA912975AE0C007117CA /* BlueDotVC.swift in Sources */ = {isa = PBXBuildFile; fileRef = 9250FA902975AE0C007117CA /* BlueDotVC.swift */; };
		9250FA932975AE3B007117CA /* CameraControlsVC.swift in Sources */ = {isa = PBXBuildFile; fileRef = 9250FA922975AE3B007117CA /* CameraControlsVC.swift */; };
		9250FA952975AE4C007117CA /* ListLocationsVC.swift in Sources */ = {isa = PBXBuildFile; fileRef = 9250FA942975AE4C007117CA /* ListLocationsVC.swift */; };
		9250FA992975AE60007117CA /* LevelSelectorVC.swift in Sources */ = {isa = PBXBuildFile; fileRef = 9250FA982975AE60007117CA /* LevelSelectorVC.swift */; };
		9250FA9B2975AE7C007117CA /* SearchVC.swift in Sources */ = {isa = PBXBuildFile; fileRef = 9250FA9A2975AE7C007117CA /* SearchVC.swift */; };
		9250FA9D2975AE88007117CA /* TurnByTurnDirectionsVC.swift in Sources */ = {isa = PBXBuildFile; fileRef = 9250FA9C2975AE88007117CA /* TurnByTurnDirectionsVC.swift */; };
		9250FAA12976E565007117CA /* blue-dot-positions.json in Resources */ = {isa = PBXBuildFile; fileRef = 9250FAA02976E564007117CA /* blue-dot-positions.json */; };
		9250FAA529789045007117CA /* LocationCell.swift in Sources */ = {isa = PBXBuildFile; fileRef = 9250FAA429789045007117CA /* LocationCell.swift */; };
		92D3EDD82971D65A007FF548 /* AppDelegate.swift in Sources */ = {isa = PBXBuildFile; fileRef = 92D3EDD72971D65A007FF548 /* AppDelegate.swift */; };
		92D3EDDA2971D65A007FF548 /* SceneDelegate.swift in Sources */ = {isa = PBXBuildFile; fileRef = 92D3EDD92971D65A007FF548 /* SceneDelegate.swift */; };
		92D3EDDC2971D65B007FF548 /* ViewController.swift in Sources */ = {isa = PBXBuildFile; fileRef = 92D3EDDB2971D65B007FF548 /* ViewController.swift */; };
		92D3EDE12971D65B007FF548 /* Assets.xcassets in Resources */ = {isa = PBXBuildFile; fileRef = 92D3EDE02971D65B007FF548 /* Assets.xcassets */; };
		92D3EDE42971D65B007FF548 /* LaunchScreen.storyboard in Resources */ = {isa = PBXBuildFile; fileRef = 92D3EDE22971D65B007FF548 /* LaunchScreen.storyboard */; };
		D1A0E2DE2A3A3435009559A6 /* FlatLabelsVC.swift in Sources */ = {isa = PBXBuildFile; fileRef = D1A0E2DD2A3A3435009559A6 /* FlatLabelsVC.swift */; };
		D1A0E2E02A3A4B46009559A6 /* FloatingLabelsVC.swift in Sources */ = {isa = PBXBuildFile; fileRef = D1A0E2DF2A3A4B46009559A6 /* FloatingLabelsVC.swift */; };
		D1A5DD7E2B31B669000C6009 /* TooltipsVC.swift in Sources */ = {isa = PBXBuildFile; fileRef = D1A5DD7D2B31B669000C6009 /* TooltipsVC.swift */; };
/* End PBXBuildFile section */

/* Begin PBXFileReference section */
		0AD0523A208946D2F7832150 /* libPods-PlaygroundSamples.a */ = {isa = PBXFileReference; explicitFileType = archive.ar; includeInIndex = 0; path = "libPods-PlaygroundSamples.a"; sourceTree = BUILT_PRODUCTS_DIR; };
		924B550E2971EDA200DDA0F5 /* RenderMapVC.swift */ = {isa = PBXFileReference; lastKnownFileType = sourcecode.swift; path = RenderMapVC.swift; sourceTree = "<group>"; };
		924B55102971F5E300DDA0F5 /* AddingInteractivityVC.swift */ = {isa = PBXFileReference; lastKnownFileType = sourcecode.swift; path = AddingInteractivityVC.swift; sourceTree = "<group>"; };
		924B55122971F9DD00DDA0F5 /* ExampleCell.swift */ = {isa = PBXFileReference; lastKnownFileType = sourcecode.swift; path = ExampleCell.swift; sourceTree = "<group>"; };
		924B55182972041D00DDA0F5 /* MarkersVC.swift */ = {isa = PBXFileReference; lastKnownFileType = sourcecode.swift; path = MarkersVC.swift; sourceTree = "<group>"; };
		9250FA8E2975ADD0007117CA /* ABWayfindingVC.swift */ = {isa = PBXFileReference; lastKnownFileType = sourcecode.swift; path = ABWayfindingVC.swift; sourceTree = "<group>"; };
		9250FA902975AE0C007117CA /* BlueDotVC.swift */ = {isa = PBXFileReference; lastKnownFileType = sourcecode.swift; path = BlueDotVC.swift; sourceTree = "<group>"; };
		9250FA922975AE3B007117CA /* CameraControlsVC.swift */ = {isa = PBXFileReference; lastKnownFileType = sourcecode.swift; path = CameraControlsVC.swift; sourceTree = "<group>"; };
		9250FA942975AE4C007117CA /* ListLocationsVC.swift */ = {isa = PBXFileReference; lastKnownFileType = sourcecode.swift; path = ListLocationsVC.swift; sourceTree = "<group>"; };
		9250FA982975AE60007117CA /* LevelSelectorVC.swift */ = {isa = PBXFileReference; lastKnownFileType = sourcecode.swift; path = LevelSelectorVC.swift; sourceTree = "<group>"; };
		9250FA9A2975AE7C007117CA /* SearchVC.swift */ = {isa = PBXFileReference; lastKnownFileType = sourcecode.swift; path = SearchVC.swift; sourceTree = "<group>"; };
		9250FA9C2975AE88007117CA /* TurnByTurnDirectionsVC.swift */ = {isa = PBXFileReference; lastKnownFileType = sourcecode.swift; path = TurnByTurnDirectionsVC.swift; sourceTree = "<group>"; };
		9250FAA02976E564007117CA /* blue-dot-positions.json */ = {isa = PBXFileReference; fileEncoding = 4; lastKnownFileType = text.json; path = "blue-dot-positions.json"; sourceTree = "<group>"; };
		9250FAA429789045007117CA /* LocationCell.swift */ = {isa = PBXFileReference; lastKnownFileType = sourcecode.swift; path = LocationCell.swift; sourceTree = "<group>"; };
		92D3EDD42971D65A007FF548 /* PlaygroundSamples.app */ = {isa = PBXFileReference; explicitFileType = wrapper.application; includeInIndex = 0; path = PlaygroundSamples.app; sourceTree = BUILT_PRODUCTS_DIR; };
		92D3EDD72971D65A007FF548 /* AppDelegate.swift */ = {isa = PBXFileReference; lastKnownFileType = sourcecode.swift; path = AppDelegate.swift; sourceTree = "<group>"; };
		92D3EDD92971D65A007FF548 /* SceneDelegate.swift */ = {isa = PBXFileReference; lastKnownFileType = sourcecode.swift; path = SceneDelegate.swift; sourceTree = "<group>"; };
		92D3EDDB2971D65B007FF548 /* ViewController.swift */ = {isa = PBXFileReference; lastKnownFileType = sourcecode.swift; path = ViewController.swift; sourceTree = "<group>"; };
		92D3EDE02971D65B007FF548 /* Assets.xcassets */ = {isa = PBXFileReference; lastKnownFileType = folder.assetcatalog; path = Assets.xcassets; sourceTree = "<group>"; };
		92D3EDE32971D65B007FF548 /* Base */ = {isa = PBXFileReference; lastKnownFileType = file.storyboard; name = Base; path = Base.lproj/LaunchScreen.storyboard; sourceTree = "<group>"; };
		92D3EDE52971D65B007FF548 /* Info.plist */ = {isa = PBXFileReference; lastKnownFileType = text.plist.xml; path = Info.plist; sourceTree = "<group>"; };
		B8EF676FF9535CBE0B5E8219 /* Pods-PlaygroundSamples.debug.xcconfig */ = {isa = PBXFileReference; includeInIndex = 1; lastKnownFileType = text.xcconfig; name = "Pods-PlaygroundSamples.debug.xcconfig"; path = "Target Support Files/Pods-PlaygroundSamples/Pods-PlaygroundSamples.debug.xcconfig"; sourceTree = "<group>"; };
		C44CEF8F44FBBB8EE69224DA /* Pods-PlaygroundSamples.release.xcconfig */ = {isa = PBXFileReference; includeInIndex = 1; lastKnownFileType = text.xcconfig; name = "Pods-PlaygroundSamples.release.xcconfig"; path = "Target Support Files/Pods-PlaygroundSamples/Pods-PlaygroundSamples.release.xcconfig"; sourceTree = "<group>"; };
		D1A0E2DD2A3A3435009559A6 /* FlatLabelsVC.swift */ = {isa = PBXFileReference; lastKnownFileType = sourcecode.swift; path = FlatLabelsVC.swift; sourceTree = "<group>"; };
		D1A0E2DF2A3A4B46009559A6 /* FloatingLabelsVC.swift */ = {isa = PBXFileReference; lastKnownFileType = sourcecode.swift; path = FloatingLabelsVC.swift; sourceTree = "<group>"; };
		D1A5DD7D2B31B669000C6009 /* TooltipsVC.swift */ = {isa = PBXFileReference; lastKnownFileType = sourcecode.swift; path = TooltipsVC.swift; sourceTree = "<group>"; };
/* End PBXFileReference section */

/* Begin PBXFrameworksBuildPhase section */
		92D3EDD12971D65A007FF548 /* Frameworks */ = {
			isa = PBXFrameworksBuildPhase;
			buildActionMask = 2147483647;
			files = (
				1422365EA6A4B11866F8C129 /* libPods-PlaygroundSamples.a in Frameworks */,
			);
			runOnlyForDeploymentPostprocessing = 0;
		};
/* End PBXFrameworksBuildPhase section */

/* Begin PBXGroup section */
		924B55172971FA1800DDA0F5 /* Examples */ = {
			isa = PBXGroup;
			children = (
				9250FA8E2975ADD0007117CA /* ABWayfindingVC.swift */,
				924B55102971F5E300DDA0F5 /* AddingInteractivityVC.swift */,
				9250FA902975AE0C007117CA /* BlueDotVC.swift */,
				9250FA922975AE3B007117CA /* CameraControlsVC.swift */,
				D1A0E2DD2A3A3435009559A6 /* FlatLabelsVC.swift */,
				D1A0E2DF2A3A4B46009559A6 /* FloatingLabelsVC.swift */,
				9250FA982975AE60007117CA /* LevelSelectorVC.swift */,
				9250FA942975AE4C007117CA /* ListLocationsVC.swift */,
				924B55182972041D00DDA0F5 /* MarkersVC.swift */,
				924B550E2971EDA200DDA0F5 /* RenderMapVC.swift */,
				9250FA9A2975AE7C007117CA /* SearchVC.swift */,
				D1A5DD7D2B31B669000C6009 /* TooltipsVC.swift */,
				9250FA9C2975AE88007117CA /* TurnByTurnDirectionsVC.swift */,
			);
			path = Examples;
			sourceTree = "<group>";
		};
		92D3EDCB2971D65A007FF548 = {
			isa = PBXGroup;
			children = (
				92D3EDD62971D65A007FF548 /* PlaygroundSamples */,
				92D3EDD52971D65A007FF548 /* Products */,
				BFC2937765CE80538CB9457E /* Pods */,
				CB4285470E60F7DF09E0A70C /* Frameworks */,
			);
			sourceTree = "<group>";
		};
		92D3EDD52971D65A007FF548 /* Products */ = {
			isa = PBXGroup;
			children = (
				92D3EDD42971D65A007FF548 /* PlaygroundSamples.app */,
			);
			name = Products;
			sourceTree = "<group>";
		};
		92D3EDD62971D65A007FF548 /* PlaygroundSamples */ = {
			isa = PBXGroup;
			children = (
				924B55172971FA1800DDA0F5 /* Examples */,
				92D3EDD72971D65A007FF548 /* AppDelegate.swift */,
				92D3EDD92971D65A007FF548 /* SceneDelegate.swift */,
				92D3EDDB2971D65B007FF548 /* ViewController.swift */,
				92D3EDE02971D65B007FF548 /* Assets.xcassets */,
				92D3EDE22971D65B007FF548 /* LaunchScreen.storyboard */,
				92D3EDE52971D65B007FF548 /* Info.plist */,
				924B55122971F9DD00DDA0F5 /* ExampleCell.swift */,
				9250FAA02976E564007117CA /* blue-dot-positions.json */,
				9250FAA429789045007117CA /* LocationCell.swift */,
			);
			path = PlaygroundSamples;
			sourceTree = "<group>";
		};
		BFC2937765CE80538CB9457E /* Pods */ = {
			isa = PBXGroup;
			children = (
				B8EF676FF9535CBE0B5E8219 /* Pods-PlaygroundSamples.debug.xcconfig */,
				C44CEF8F44FBBB8EE69224DA /* Pods-PlaygroundSamples.release.xcconfig */,
			);
			path = Pods;
			sourceTree = "<group>";
		};
		CB4285470E60F7DF09E0A70C /* Frameworks */ = {
			isa = PBXGroup;
			children = (
				0AD0523A208946D2F7832150 /* libPods-PlaygroundSamples.a */,
			);
			name = Frameworks;
			sourceTree = "<group>";
		};
/* End PBXGroup section */

/* Begin PBXNativeTarget section */
		92D3EDD32971D65A007FF548 /* PlaygroundSamples */ = {
			isa = PBXNativeTarget;
			buildConfigurationList = 92D3EDE82971D65B007FF548 /* Build configuration list for PBXNativeTarget "PlaygroundSamples" */;
			buildPhases = (
				E154528AD89F8ABE9CE4B8AF /* [CP] Check Pods Manifest.lock */,
				92D3EDD02971D65A007FF548 /* Sources */,
				92D3EDD12971D65A007FF548 /* Frameworks */,
				92D3EDD22971D65A007FF548 /* Resources */,
				56990BF7815A0398A5DE837E /* [CP] Embed Pods Frameworks */,
			);
			buildRules = (
			);
			dependencies = (
			);
			name = PlaygroundSamples;
			productName = PlaygroundSamples;
			productReference = 92D3EDD42971D65A007FF548 /* PlaygroundSamples.app */;
			productType = "com.apple.product-type.application";
		};
/* End PBXNativeTarget section */

/* Begin PBXProject section */
		92D3EDCC2971D65A007FF548 /* Project object */ = {
			isa = PBXProject;
			attributes = {
				BuildIndependentTargetsInParallel = 1;
				LastSwiftUpdateCheck = 1420;
				LastUpgradeCheck = 1420;
				TargetAttributes = {
					92D3EDD32971D65A007FF548 = {
						CreatedOnToolsVersion = 14.2;
					};
				};
			};
			buildConfigurationList = 92D3EDCF2971D65A007FF548 /* Build configuration list for PBXProject "PlaygroundSamples" */;
			compatibilityVersion = "Xcode 10.0";
			developmentRegion = en;
			hasScannedForEncodings = 0;
			knownRegions = (
				en,
				Base,
			);
			mainGroup = 92D3EDCB2971D65A007FF548;
			productRefGroup = 92D3EDD52971D65A007FF548 /* Products */;
			projectDirPath = "";
			projectRoot = "";
			targets = (
				92D3EDD32971D65A007FF548 /* PlaygroundSamples */,
			);
		};
/* End PBXProject section */

/* Begin PBXResourcesBuildPhase section */
		92D3EDD22971D65A007FF548 /* Resources */ = {
			isa = PBXResourcesBuildPhase;
			buildActionMask = 2147483647;
			files = (
				92D3EDE42971D65B007FF548 /* LaunchScreen.storyboard in Resources */,
				92D3EDE12971D65B007FF548 /* Assets.xcassets in Resources */,
				9250FAA12976E565007117CA /* blue-dot-positions.json in Resources */,
			);
			runOnlyForDeploymentPostprocessing = 0;
		};
/* End PBXResourcesBuildPhase section */

/* Begin PBXShellScriptBuildPhase section */
		56990BF7815A0398A5DE837E /* [CP] Embed Pods Frameworks */ = {
			isa = PBXShellScriptBuildPhase;
			buildActionMask = 2147483647;
			files = (
			);
			inputFileListPaths = (
				"${PODS_ROOT}/Target Support Files/Pods-PlaygroundSamples/Pods-PlaygroundSamples-frameworks-${CONFIGURATION}-input-files.xcfilelist",
			);
			name = "[CP] Embed Pods Frameworks";
			outputFileListPaths = (
				"${PODS_ROOT}/Target Support Files/Pods-PlaygroundSamples/Pods-PlaygroundSamples-frameworks-${CONFIGURATION}-output-files.xcfilelist",
			);
			runOnlyForDeploymentPostprocessing = 0;
			shellPath = /bin/sh;
			shellScript = "\"${PODS_ROOT}/Target Support Files/Pods-PlaygroundSamples/Pods-PlaygroundSamples-frameworks.sh\"\n";
			showEnvVarsInLog = 0;
		};
		E154528AD89F8ABE9CE4B8AF /* [CP] Check Pods Manifest.lock */ = {
			isa = PBXShellScriptBuildPhase;
			buildActionMask = 2147483647;
			files = (
			);
			inputFileListPaths = (
			);
			inputPaths = (
				"${PODS_PODFILE_DIR_PATH}/Podfile.lock",
				"${PODS_ROOT}/Manifest.lock",
			);
			name = "[CP] Check Pods Manifest.lock";
			outputFileListPaths = (
			);
			outputPaths = (
				"$(DERIVED_FILE_DIR)/Pods-PlaygroundSamples-checkManifestLockResult.txt",
			);
			runOnlyForDeploymentPostprocessing = 0;
			shellPath = /bin/sh;
			shellScript = "diff \"${PODS_PODFILE_DIR_PATH}/Podfile.lock\" \"${PODS_ROOT}/Manifest.lock\" > /dev/null\nif [ $? != 0 ] ; then\n    # print error to STDERR\n    echo \"error: The sandbox is not in sync with the Podfile.lock. Run 'pod install' or update your CocoaPods installation.\" >&2\n    exit 1\nfi\n# This output is used by Xcode 'outputs' to avoid re-running this script phase.\necho \"SUCCESS\" > \"${SCRIPT_OUTPUT_FILE_0}\"\n";
			showEnvVarsInLog = 0;
		};
/* End PBXShellScriptBuildPhase section */

/* Begin PBXSourcesBuildPhase section */
		92D3EDD02971D65A007FF548 /* Sources */ = {
			isa = PBXSourcesBuildPhase;
			buildActionMask = 2147483647;
			files = (
				D1A0E2DE2A3A3435009559A6 /* FlatLabelsVC.swift in Sources */,
				9250FA912975AE0C007117CA /* BlueDotVC.swift in Sources */,
				924B55132971F9DD00DDA0F5 /* ExampleCell.swift in Sources */,
				D1A0E2E02A3A4B46009559A6 /* FloatingLabelsVC.swift in Sources */,
				924B550F2971EDA200DDA0F5 /* RenderMapVC.swift in Sources */,
				9250FA932975AE3B007117CA /* CameraControlsVC.swift in Sources */,
				9250FA8F2975ADD0007117CA /* ABWayfindingVC.swift in Sources */,
				9250FA952975AE4C007117CA /* ListLocationsVC.swift in Sources */,
				9250FAA529789045007117CA /* LocationCell.swift in Sources */,
				92D3EDDC2971D65B007FF548 /* ViewController.swift in Sources */,
				9250FA9D2975AE88007117CA /* TurnByTurnDirectionsVC.swift in Sources */,
				9250FA9B2975AE7C007117CA /* SearchVC.swift in Sources */,
				92D3EDD82971D65A007FF548 /* AppDelegate.swift in Sources */,
				924B55192972041D00DDA0F5 /* MarkersVC.swift in Sources */,
				D1A5DD7E2B31B669000C6009 /* TooltipsVC.swift in Sources */,
				924B55112971F5E300DDA0F5 /* AddingInteractivityVC.swift in Sources */,
				92D3EDDA2971D65A007FF548 /* SceneDelegate.swift in Sources */,
				9250FA992975AE60007117CA /* LevelSelectorVC.swift in Sources */,
			);
			runOnlyForDeploymentPostprocessing = 0;
		};
/* End PBXSourcesBuildPhase section */

/* Begin PBXVariantGroup section */
		92D3EDE22971D65B007FF548 /* LaunchScreen.storyboard */ = {
			isa = PBXVariantGroup;
			children = (
				92D3EDE32971D65B007FF548 /* Base */,
			);
			name = LaunchScreen.storyboard;
			sourceTree = "<group>";
		};
/* End PBXVariantGroup section */

/* Begin XCBuildConfiguration section */
		92D3EDE62971D65B007FF548 /* Debug */ = {
			isa = XCBuildConfiguration;
			buildSettings = {
				ALWAYS_SEARCH_USER_PATHS = NO;
				CLANG_ANALYZER_NONNULL = YES;
				CLANG_ANALYZER_NUMBER_OBJECT_CONVERSION = YES_AGGRESSIVE;
				CLANG_CXX_LANGUAGE_STANDARD = "gnu++20";
				CLANG_ENABLE_MODULES = YES;
				CLANG_ENABLE_OBJC_ARC = YES;
				CLANG_ENABLE_OBJC_WEAK = YES;
				CLANG_WARN_BLOCK_CAPTURE_AUTORELEASING = YES;
				CLANG_WARN_BOOL_CONVERSION = YES;
				CLANG_WARN_COMMA = YES;
				CLANG_WARN_CONSTANT_CONVERSION = YES;
				CLANG_WARN_DEPRECATED_OBJC_IMPLEMENTATIONS = YES;
				CLANG_WARN_DIRECT_OBJC_ISA_USAGE = YES_ERROR;
				CLANG_WARN_DOCUMENTATION_COMMENTS = YES;
				CLANG_WARN_EMPTY_BODY = YES;
				CLANG_WARN_ENUM_CONVERSION = YES;
				CLANG_WARN_INFINITE_RECURSION = YES;
				CLANG_WARN_INT_CONVERSION = YES;
				CLANG_WARN_NON_LITERAL_NULL_CONVERSION = YES;
				CLANG_WARN_OBJC_IMPLICIT_RETAIN_SELF = YES;
				CLANG_WARN_OBJC_LITERAL_CONVERSION = YES;
				CLANG_WARN_OBJC_ROOT_CLASS = YES_ERROR;
				CLANG_WARN_QUOTED_INCLUDE_IN_FRAMEWORK_HEADER = YES;
				CLANG_WARN_RANGE_LOOP_ANALYSIS = YES;
				CLANG_WARN_STRICT_PROTOTYPES = YES;
				CLANG_WARN_SUSPICIOUS_MOVE = YES;
				CLANG_WARN_UNGUARDED_AVAILABILITY = YES_AGGRESSIVE;
				CLANG_WARN_UNREACHABLE_CODE = YES;
				CLANG_WARN__DUPLICATE_METHOD_MATCH = YES;
				COPY_PHASE_STRIP = NO;
				DEBUG_INFORMATION_FORMAT = dwarf;
				ENABLE_STRICT_OBJC_MSGSEND = YES;
				ENABLE_TESTABILITY = YES;
				GCC_C_LANGUAGE_STANDARD = gnu11;
				GCC_DYNAMIC_NO_PIC = NO;
				GCC_NO_COMMON_BLOCKS = YES;
				GCC_OPTIMIZATION_LEVEL = 0;
				GCC_PREPROCESSOR_DEFINITIONS = (
					"DEBUG=1",
					"$(inherited)",
				);
				GCC_WARN_64_TO_32_BIT_CONVERSION = YES;
				GCC_WARN_ABOUT_RETURN_TYPE = YES_ERROR;
				GCC_WARN_UNDECLARED_SELECTOR = YES;
				GCC_WARN_UNINITIALIZED_AUTOS = YES_AGGRESSIVE;
				GCC_WARN_UNUSED_FUNCTION = YES;
				GCC_WARN_UNUSED_VARIABLE = YES;
				IPHONEOS_DEPLOYMENT_TARGET = 16.2;
				MTL_ENABLE_DEBUG_INFO = INCLUDE_SOURCE;
				MTL_FAST_MATH = YES;
				ONLY_ACTIVE_ARCH = YES;
				SDKROOT = iphoneos;
				SWIFT_ACTIVE_COMPILATION_CONDITIONS = DEBUG;
				SWIFT_OPTIMIZATION_LEVEL = "-Onone";
			};
			name = Debug;
		};
		92D3EDE72971D65B007FF548 /* Release */ = {
			isa = XCBuildConfiguration;
			buildSettings = {
				ALWAYS_SEARCH_USER_PATHS = NO;
				CLANG_ANALYZER_NONNULL = YES;
				CLANG_ANALYZER_NUMBER_OBJECT_CONVERSION = YES_AGGRESSIVE;
				CLANG_CXX_LANGUAGE_STANDARD = "gnu++20";
				CLANG_ENABLE_MODULES = YES;
				CLANG_ENABLE_OBJC_ARC = YES;
				CLANG_ENABLE_OBJC_WEAK = YES;
				CLANG_WARN_BLOCK_CAPTURE_AUTORELEASING = YES;
				CLANG_WARN_BOOL_CONVERSION = YES;
				CLANG_WARN_COMMA = YES;
				CLANG_WARN_CONSTANT_CONVERSION = YES;
				CLANG_WARN_DEPRECATED_OBJC_IMPLEMENTATIONS = YES;
				CLANG_WARN_DIRECT_OBJC_ISA_USAGE = YES_ERROR;
				CLANG_WARN_DOCUMENTATION_COMMENTS = YES;
				CLANG_WARN_EMPTY_BODY = YES;
				CLANG_WARN_ENUM_CONVERSION = YES;
				CLANG_WARN_INFINITE_RECURSION = YES;
				CLANG_WARN_INT_CONVERSION = YES;
				CLANG_WARN_NON_LITERAL_NULL_CONVERSION = YES;
				CLANG_WARN_OBJC_IMPLICIT_RETAIN_SELF = YES;
				CLANG_WARN_OBJC_LITERAL_CONVERSION = YES;
				CLANG_WARN_OBJC_ROOT_CLASS = YES_ERROR;
				CLANG_WARN_QUOTED_INCLUDE_IN_FRAMEWORK_HEADER = YES;
				CLANG_WARN_RANGE_LOOP_ANALYSIS = YES;
				CLANG_WARN_STRICT_PROTOTYPES = YES;
				CLANG_WARN_SUSPICIOUS_MOVE = YES;
				CLANG_WARN_UNGUARDED_AVAILABILITY = YES_AGGRESSIVE;
				CLANG_WARN_UNREACHABLE_CODE = YES;
				CLANG_WARN__DUPLICATE_METHOD_MATCH = YES;
				COPY_PHASE_STRIP = NO;
				DEBUG_INFORMATION_FORMAT = "dwarf-with-dsym";
				ENABLE_NS_ASSERTIONS = NO;
				ENABLE_STRICT_OBJC_MSGSEND = YES;
				GCC_C_LANGUAGE_STANDARD = gnu11;
				GCC_NO_COMMON_BLOCKS = YES;
				GCC_WARN_64_TO_32_BIT_CONVERSION = YES;
				GCC_WARN_ABOUT_RETURN_TYPE = YES_ERROR;
				GCC_WARN_UNDECLARED_SELECTOR = YES;
				GCC_WARN_UNINITIALIZED_AUTOS = YES_AGGRESSIVE;
				GCC_WARN_UNUSED_FUNCTION = YES;
				GCC_WARN_UNUSED_VARIABLE = YES;
				IPHONEOS_DEPLOYMENT_TARGET = 16.2;
				MTL_ENABLE_DEBUG_INFO = NO;
				MTL_FAST_MATH = YES;
				SDKROOT = iphoneos;
				SWIFT_COMPILATION_MODE = wholemodule;
				SWIFT_OPTIMIZATION_LEVEL = "-O";
				VALIDATE_PRODUCT = YES;
			};
			name = Release;
		};
		92D3EDE92971D65B007FF548 /* Debug */ = {
			isa = XCBuildConfiguration;
			baseConfigurationReference = B8EF676FF9535CBE0B5E8219 /* Pods-PlaygroundSamples.debug.xcconfig */;
			buildSettings = {
				ASSETCATALOG_COMPILER_APPICON_NAME = AppIcon;
				ASSETCATALOG_COMPILER_GLOBAL_ACCENT_COLOR_NAME = AccentColor;
				CODE_SIGN_STYLE = Automatic;
				CURRENT_PROJECT_VERSION = 1;
				GENERATE_INFOPLIST_FILE = YES;
				INFOPLIST_FILE = PlaygroundSamples/Info.plist;
				INFOPLIST_KEY_UIApplicationSupportsIndirectInputEvents = YES;
				INFOPLIST_KEY_UILaunchStoryboardName = LaunchScreen;
				INFOPLIST_KEY_UISupportedInterfaceOrientations_iPad = "UIInterfaceOrientationPortrait UIInterfaceOrientationPortraitUpsideDown UIInterfaceOrientationLandscapeLeft UIInterfaceOrientationLandscapeRight";
				INFOPLIST_KEY_UISupportedInterfaceOrientations_iPhone = "UIInterfaceOrientationPortrait UIInterfaceOrientationLandscapeLeft UIInterfaceOrientationLandscapeRight";
				LD_RUNPATH_SEARCH_PATHS = (
					"$(inherited)",
					"@executable_path/Frameworks",
				);
				MARKETING_VERSION = 1.0;
				PRODUCT_BUNDLE_IDENTIFIER = com.mappedin.PlaygroundSamples;
				PRODUCT_NAME = "$(TARGET_NAME)";
				SWIFT_EMIT_LOC_STRINGS = YES;
				SWIFT_VERSION = 5.0;
				TARGETED_DEVICE_FAMILY = "1,2";
			};
			name = Debug;
		};
		92D3EDEA2971D65B007FF548 /* Release */ = {
			isa = XCBuildConfiguration;
			baseConfigurationReference = C44CEF8F44FBBB8EE69224DA /* Pods-PlaygroundSamples.release.xcconfig */;
			buildSettings = {
				ASSETCATALOG_COMPILER_APPICON_NAME = AppIcon;
				ASSETCATALOG_COMPILER_GLOBAL_ACCENT_COLOR_NAME = AccentColor;
				CODE_SIGN_STYLE = Automatic;
				CURRENT_PROJECT_VERSION = 1;
				GENERATE_INFOPLIST_FILE = YES;
				INFOPLIST_FILE = PlaygroundSamples/Info.plist;
				INFOPLIST_KEY_UIApplicationSupportsIndirectInputEvents = YES;
				INFOPLIST_KEY_UILaunchStoryboardName = LaunchScreen;
				INFOPLIST_KEY_UISupportedInterfaceOrientations_iPad = "UIInterfaceOrientationPortrait UIInterfaceOrientationPortraitUpsideDown UIInterfaceOrientationLandscapeLeft UIInterfaceOrientationLandscapeRight";
				INFOPLIST_KEY_UISupportedInterfaceOrientations_iPhone = "UIInterfaceOrientationPortrait UIInterfaceOrientationLandscapeLeft UIInterfaceOrientationLandscapeRight";
				LD_RUNPATH_SEARCH_PATHS = (
					"$(inherited)",
					"@executable_path/Frameworks",
				);
				MARKETING_VERSION = 1.0;
				PRODUCT_BUNDLE_IDENTIFIER = com.mappedin.PlaygroundSamples;
				PRODUCT_NAME = "$(TARGET_NAME)";
				SWIFT_EMIT_LOC_STRINGS = YES;
				SWIFT_VERSION = 5.0;
				TARGETED_DEVICE_FAMILY = "1,2";
			};
			name = Release;
		};
/* End XCBuildConfiguration section */

/* Begin XCConfigurationList section */
		92D3EDCF2971D65A007FF548 /* Build configuration list for PBXProject "PlaygroundSamples" */ = {
			isa = XCConfigurationList;
			buildConfigurations = (
				92D3EDE62971D65B007FF548 /* Debug */,
				92D3EDE72971D65B007FF548 /* Release */,
			);
			defaultConfigurationIsVisible = 0;
			defaultConfigurationName = Release;
		};
		92D3EDE82971D65B007FF548 /* Build configuration list for PBXNativeTarget "PlaygroundSamples" */ = {
			isa = XCConfigurationList;
			buildConfigurations = (
				92D3EDE92971D65B007FF548 /* Debug */,
				92D3EDEA2971D65B007FF548 /* Release */,
			);
			defaultConfigurationIsVisible = 0;
			defaultConfigurationName = Release;
		};
/* End XCConfigurationList section */
	};
	rootObject = 92D3EDCC2971D65A007FF548 /* Project object */;
}
