{
  "originHash" : "040ce6f7e8bae31a8cb1e464f509eab7f83c3e2b0f48a42341160a605a358e90",
  "pins" : [
    {
      "identity" : "ios",
      "kind" : "remoteSourceControl",
      "location" : "https://github.com/MappedIn/ios",
      "state" : {
        "revision" : "eaa6abf96d8694c8e5088c306d413d91497ceffe",
        "version" : "6.2.0-alpha.1"
      }
    }
  ],
  "version" : 3
}
