{
  "originHash" : "040ce6f7e8bae31a8cb1e464f509eab7f83c3e2b0f48a42341160a605a358e90",
  "pins" : [
    {
      "identity" : "ios",
      "kind" : "remoteSourceControl",
      "location" : "https://github.com/MappedIn/ios",
      "state" : {
        "revision" : "8a0645d94d4fac2d0664a2313ac10059eba828c3",
        "version" : "6.1.0-alpha.1"
      }
    }
  ],
  "version" : 3
}
