{
  "originHash" : "040ce6f7e8bae31a8cb1e464f509eab7f83c3e2b0f48a42341160a605a358e90",
  "pins" : [
    {
      "identity" : "ios",
      "kind" : "remoteSourceControl",
      "location" : "https://github.com/MappedIn/ios",
      "state" : {
        "revision" : "e2eedca1955b17751fdc5c8adbadb5acf43e3f65",
        "version" : "6.2.0-alpha.3"
      }
    }
  ],
  "version" : 3
}
