// !$*UTF8*$!
{
	archiveVersion = 1;
	classes = {
	};
	objectVersion = 53;
	objects = {

/* Begin PBXBuildFile section */
		8E1BAE4EF4F96EFF8D2185D2 /* Pods_ios_sdk_app.framework in Frameworks */ = {isa = PBXBuildFile; fileRef = 608D576B5FF3D0A56E4CB605 /* Pods_ios_sdk_app.framework */; };
		92C8AA3F29A7FEF000430CDC /* AppDelegate.swift in Sources */ = {isa = PBXBuildFile; fileRef = 92C8AA3E29A7FEF000430CDC /* AppDelegate.swift */; };
		92C8AA4129A7FEF000430CDC /* SceneDelegate.swift in Sources */ = {isa = PBXBuildFile; fileRef = 92C8AA4029A7FEF000430CDC /* SceneDelegate.swift */; };
		92C8AA4329A7FEF000430CDC /* ViewController.swift in Sources */ = {isa = PBXBuildFile; fileRef = 92C8AA4229A7FEF000430CDC /* ViewController.swift */; };
		92C8AA4629A7FEF000430CDC /* Main.storyboard in Resources */ = {isa = PBXBuildFile; fileRef = 92C8AA4429A7FEF000430CDC /* Main.storyboard */; };
		92C8AA4829A7FEF100430CDC /* Assets.xcassets in Resources */ = {isa = PBXBuildFile; fileRef = 92C8AA4729A7FEF100430CDC /* Assets.xcassets */; };
		92C8AA4B29A7FEF100430CDC /* LaunchScreen.storyboard in Resources */ = {isa = PBXBuildFile; fileRef = 92C8AA4929A7FEF100430CDC /* LaunchScreen.storyboard */; };
		92C8AA5529A8044E00430CDC /* ViewController+UIPickerViewDelegate.swift in Sources */ = {isa = PBXBuildFile; fileRef = 92C8AA5229A8044E00430CDC /* ViewController+UIPickerViewDelegate.swift */; };
		92C8AA5629A8044E00430CDC /* ViewController+MPIMapViewDelegate.swift in Sources */ = {isa = PBXBuildFile; fileRef = 92C8AA5329A8044E00430CDC /* ViewController+MPIMapViewDelegate.swift */; };
		92C8AA5729A8044E00430CDC /* ViewController+UIPickerViewDataSource.swift in Sources */ = {isa = PBXBuildFile; fileRef = 92C8AA5429A8044E00430CDC /* ViewController+UIPickerViewDataSource.swift */; };
/* End PBXBuildFile section */

/* Begin PBXFileReference section */
		1EBE023476570D5135510C15 /* Pods-ios-sdk-app.debug.xcconfig */ = {isa = PBXFileReference; includeInIndex = 1; lastKnownFileType = text.xcconfig; name = "Pods-ios-sdk-app.debug.xcconfig"; path = "Target Support Files/Pods-ios-sdk-app/Pods-ios-sdk-app.debug.xcconfig"; sourceTree = "<group>"; };
		608D576B5FF3D0A56E4CB605 /* Pods_ios_sdk_app.framework */ = {isa = PBXFileReference; explicitFileType = wrapper.framework; includeInIndex = 0; path = Pods_ios_sdk_app.framework; sourceTree = BUILT_PRODUCTS_DIR; };
		92C8AA3B29A7FEF000430CDC /* ios-sdk-app.app */ = {isa = PBXFileReference; explicitFileType = wrapper.application; includeInIndex = 0; path = "ios-sdk-app.app"; sourceTree = BUILT_PRODUCTS_DIR; };
		92C8AA3E29A7FEF000430CDC /* AppDelegate.swift */ = {isa = PBXFileReference; lastKnownFileType = sourcecode.swift; path = AppDelegate.swift; sourceTree = "<group>"; };
		92C8AA4029A7FEF000430CDC /* SceneDelegate.swift */ = {isa = PBXFileReference; lastKnownFileType = sourcecode.swift; path = SceneDelegate.swift; sourceTree = "<group>"; };
		92C8AA4229A7FEF000430CDC /* ViewController.swift */ = {isa = PBXFileReference; lastKnownFileType = sourcecode.swift; path = ViewController.swift; sourceTree = "<group>"; };
		92C8AA4529A7FEF000430CDC /* Base */ = {isa = PBXFileReference; lastKnownFileType = file.storyboard; name = Base; path = Base.lproj/Main.storyboard; sourceTree = "<group>"; };
		92C8AA4729A7FEF100430CDC /* Assets.xcassets */ = {isa = PBXFileReference; lastKnownFileType = folder.assetcatalog; path = Assets.xcassets; sourceTree = "<group>"; };
		92C8AA4A29A7FEF100430CDC /* Base */ = {isa = PBXFileReference; lastKnownFileType = file.storyboard; name = Base; path = Base.lproj/LaunchScreen.storyboard; sourceTree = "<group>"; };
		92C8AA4C29A7FEF100430CDC /* Info.plist */ = {isa = PBXFileReference; lastKnownFileType = text.plist.xml; path = Info.plist; sourceTree = "<group>"; };
		92C8AA5229A8044E00430CDC /* ViewController+UIPickerViewDelegate.swift */ = {isa = PBXFileReference; fileEncoding = 4; lastKnownFileType = sourcecode.swift; path = "ViewController+UIPickerViewDelegate.swift"; sourceTree = "<group>"; };
		92C8AA5329A8044E00430CDC /* ViewController+MPIMapViewDelegate.swift */ = {isa = PBXFileReference; fileEncoding = 4; lastKnownFileType = sourcecode.swift; path = "ViewController+MPIMapViewDelegate.swift"; sourceTree = "<group>"; };
		92C8AA5429A8044E00430CDC /* ViewController+UIPickerViewDataSource.swift */ = {isa = PBXFileReference; fileEncoding = 4; lastKnownFileType = sourcecode.swift; path = "ViewController+UIPickerViewDataSource.swift"; sourceTree = "<group>"; };
		9812329450829A94020390FB /* Pods-ios-sdk-app.release.xcconfig */ = {isa = PBXFileReference; includeInIndex = 1; lastKnownFileType = text.xcconfig; name = "Pods-ios-sdk-app.release.xcconfig"; path = "Target Support Files/Pods-ios-sdk-app/Pods-ios-sdk-app.release.xcconfig"; sourceTree = "<group>"; };
/* End PBXFileReference section */

/* Begin PBXFrameworksBuildPhase section */
		92C8AA3829A7FEF000430CDC /* Frameworks */ = {
			isa = PBXFrameworksBuildPhase;
			buildActionMask = 2147483647;
			files = (
				8E1BAE4EF4F96EFF8D2185D2 /* Pods_ios_sdk_app.framework in Frameworks */,
			);
			runOnlyForDeploymentPostprocessing = 0;
		};
/* End PBXFrameworksBuildPhase section */

/* Begin PBXGroup section */
		22BF100B71CAEF7147944BBD /* Frameworks */ = {
			isa = PBXGroup;
			children = (
				608D576B5FF3D0A56E4CB605 /* Pods_ios_sdk_app.framework */,
			);
			name = Frameworks;
			sourceTree = "<group>";
		};
		4D83F7AE36CC0E140D59A50D /* Pods */ = {
			isa = PBXGroup;
			children = (
				1EBE023476570D5135510C15 /* Pods-ios-sdk-app.debug.xcconfig */,
				9812329450829A94020390FB /* Pods-ios-sdk-app.release.xcconfig */,
			);
			path = Pods;
			sourceTree = "<group>";
		};
		92C8AA3229A7FEF000430CDC = {
			isa = PBXGroup;
			children = (
				92C8AA3D29A7FEF000430CDC /* ios-sdk-app */,
				92C8AA3C29A7FEF000430CDC /* Products */,
				4D83F7AE36CC0E140D59A50D /* Pods */,
				22BF100B71CAEF7147944BBD /* Frameworks */,
			);
			sourceTree = "<group>";
		};
		92C8AA3C29A7FEF000430CDC /* Products */ = {
			isa = PBXGroup;
			children = (
				92C8AA3B29A7FEF000430CDC /* ios-sdk-app.app */,
			);
			name = Products;
			sourceTree = "<group>";
		};
		92C8AA3D29A7FEF000430CDC /* ios-sdk-app */ = {
			isa = PBXGroup;
			children = (
				92C8AA5329A8044E00430CDC /* ViewController+MPIMapViewDelegate.swift */,
				92C8AA5429A8044E00430CDC /* ViewController+UIPickerViewDataSource.swift */,
				92C8AA5229A8044E00430CDC /* ViewController+UIPickerViewDelegate.swift */,
				92C8AA3E29A7FEF000430CDC /* AppDelegate.swift */,
				92C8AA4029A7FEF000430CDC /* SceneDelegate.swift */,
				92C8AA4229A7FEF000430CDC /* ViewController.swift */,
				92C8AA4429A7FEF000430CDC /* Main.storyboard */,
				92C8AA4729A7FEF100430CDC /* Assets.xcassets */,
				92C8AA4929A7FEF100430CDC /* LaunchScreen.storyboard */,
				92C8AA4C29A7FEF100430CDC /* Info.plist */,
			);
			path = "ios-sdk-app";
			sourceTree = "<group>";
		};
/* End PBXGroup section */

/* Begin PBXNativeTarget section */
		92C8AA3A29A7FEF000430CDC /* ios-sdk-app */ = {
			isa = PBXNativeTarget;
			buildConfigurationList = 92C8AA4F29A7FEF100430CDC /* Build configuration list for PBXNativeTarget "ios-sdk-app" */;
			buildPhases = (
				16FDDED01B73E05F84570D71 /* [CP] Check Pods Manifest.lock */,
				92C8AA3729A7FEF000430CDC /* Sources */,
				92C8AA3829A7FEF000430CDC /* Frameworks */,
				92C8AA3929A7FEF000430CDC /* Resources */,
				48B63E03FBBD081D8D0A5672 /* [CP] Embed Pods Frameworks */,
			);
			buildRules = (
			);
			dependencies = (
			);
			name = "ios-sdk-app";
			productName = "ios-sdk-app";
			productReference = 92C8AA3B29A7FEF000430CDC /* ios-sdk-app.app */;
			productType = "com.apple.product-type.application";
		};
/* End PBXNativeTarget section */

/* Begin PBXProject section */
		92C8AA3329A7FEF000430CDC /* Project object */ = {
			isa = PBXProject;
			attributes = {
				BuildIndependentTargetsInParallel = 1;
				LastSwiftUpdateCheck = 1420;
				LastUpgradeCheck = 1420;
				TargetAttributes = {
					92C8AA3A29A7FEF000430CDC = {
						CreatedOnToolsVersion = 14.2;
					};
				};
			};
			buildConfigurationList = 92C8AA3629A7FEF000430CDC /* Build configuration list for PBXProject "ios-sdk-app" */;
			compatibilityVersion = "Xcode 9.3";
			developmentRegion = en;
			hasScannedForEncodings = 0;
			knownRegions = (
				en,
				Base,
			);
			mainGroup = 92C8AA3229A7FEF000430CDC;
			productRefGroup = 92C8AA3C29A7FEF000430CDC /* Products */;
			projectDirPath = "";
			projectRoot = "";
			targets = (
				92C8AA3A29A7FEF000430CDC /* ios-sdk-app */,
			);
		};
/* End PBXProject section */

/* Begin PBXResourcesBuildPhase section */
		92C8AA3929A7FEF000430CDC /* Resources */ = {
			isa = PBXResourcesBuildPhase;
			buildActionMask = 2147483647;
			files = (
				92C8AA4B29A7FEF100430CDC /* LaunchScreen.storyboard in Resources */,
				92C8AA4829A7FEF100430CDC /* Assets.xcassets in Resources */,
				92C8AA4629A7FEF000430CDC /* Main.storyboard in Resources */,
			);
			runOnlyForDeploymentPostprocessing = 0;
		};
/* End PBXResourcesBuildPhase section */

/* Begin PBXShellScriptBuildPhase section */
		16FDDED01B73E05F84570D71 /* [CP] Check Pods Manifest.lock */ = {
			isa = PBXShellScriptBuildPhase;
			buildActionMask = 2147483647;
			files = (
			);
			inputFileListPaths = (
			);
			inputPaths = (
				"${PODS_PODFILE_DIR_PATH}/Podfile.lock",
				"${PODS_ROOT}/Manifest.lock",
			);
			name = "[CP] Check Pods Manifest.lock";
			outputFileListPaths = (
			);
			outputPaths = (
				"$(DERIVED_FILE_DIR)/Pods-ios-sdk-app-checkManifestLockResult.txt",
			);
			runOnlyForDeploymentPostprocessing = 0;
			shellPath = /bin/sh;
			shellScript = "diff \"${PODS_PODFILE_DIR_PATH}/Podfile.lock\" \"${PODS_ROOT}/Manifest.lock\" > /dev/null\nif [ $? != 0 ] ; then\n    # print error to STDERR\n    echo \"error: The sandbox is not in sync with the Podfile.lock. Run 'pod install' or update your CocoaPods installation.\" >&2\n    exit 1\nfi\n# This output is used by Xcode 'outputs' to avoid re-running this script phase.\necho \"SUCCESS\" > \"${SCRIPT_OUTPUT_FILE_0}\"\n";
			showEnvVarsInLog = 0;
		};
		48B63E03FBBD081D8D0A5672 /* [CP] Embed Pods Frameworks */ = {
			isa = PBXShellScriptBuildPhase;
			buildActionMask = 2147483647;
			files = (
			);
			inputFileListPaths = (
				"${PODS_ROOT}/Target Support Files/Pods-ios-sdk-app/Pods-ios-sdk-app-frameworks-${CONFIGURATION}-input-files.xcfilelist",
			);
			name = "[CP] Embed Pods Frameworks";
			outputFileListPaths = (
				"${PODS_ROOT}/Target Support Files/Pods-ios-sdk-app/Pods-ios-sdk-app-frameworks-${CONFIGURATION}-output-files.xcfilelist",
			);
			runOnlyForDeploymentPostprocessing = 0;
			shellPath = /bin/sh;
			shellScript = "\"${PODS_ROOT}/Target Support Files/Pods-ios-sdk-app/Pods-ios-sdk-app-frameworks.sh\"\n";
			showEnvVarsInLog = 0;
		};
/* End PBXShellScriptBuildPhase section */

/* Begin PBXSourcesBuildPhase section */
		92C8AA3729A7FEF000430CDC /* Sources */ = {
			isa = PBXSourcesBuildPhase;
			buildActionMask = 2147483647;
			files = (
				92C8AA5529A8044E00430CDC /* ViewController+UIPickerViewDelegate.swift in Sources */,
				92C8AA5629A8044E00430CDC /* ViewController+MPIMapViewDelegate.swift in Sources */,
				92C8AA5729A8044E00430CDC /* ViewController+UIPickerViewDataSource.swift in Sources */,
				92C8AA4329A7FEF000430CDC /* ViewController.swift in Sources */,
				92C8AA3F29A7FEF000430CDC /* AppDelegate.swift in Sources */,
				92C8AA4129A7FEF000430CDC /* SceneDelegate.swift in Sources */,
			);
			runOnlyForDeploymentPostprocessing = 0;
		};
/* End PBXSourcesBuildPhase section */

/* Begin PBXVariantGroup section */
		92C8AA4429A7FEF000430CDC /* Main.storyboard */ = {
			isa = PBXVariantGroup;
			children = (
				92C8AA4529A7FEF000430CDC /* Base */,
			);
			name = Main.storyboard;
			sourceTree = "<group>";
		};
		92C8AA4929A7FEF100430CDC /* LaunchScreen.storyboard */ = {
			isa = PBXVariantGroup;
			children = (
				92C8AA4A29A7FEF100430CDC /* Base */,
			);
			name = LaunchScreen.storyboard;
			sourceTree = "<group>";
		};
/* End PBXVariantGroup section */

/* Begin XCBuildConfiguration section */
		92C8AA4D29A7FEF100430CDC /* Debug */ = {
			isa = XCBuildConfiguration;
			buildSettings = {
				ALWAYS_SEARCH_USER_PATHS = NO;
				CLANG_ANALYZER_NONNULL = YES;
				CLANG_ANALYZER_NUMBER_OBJECT_CONVERSION = YES_AGGRESSIVE;
				CLANG_CXX_LANGUAGE_STANDARD = "gnu++20";
				CLANG_ENABLE_MODULES = YES;
				CLANG_ENABLE_OBJC_ARC = YES;
				CLANG_ENABLE_OBJC_WEAK = YES;
				CLANG_WARN_BLOCK_CAPTURE_AUTORELEASING = YES;
				CLANG_WARN_BOOL_CONVERSION = YES;
				CLANG_WARN_COMMA = YES;
				CLANG_WARN_CONSTANT_CONVERSION = YES;
				CLANG_WARN_DEPRECATED_OBJC_IMPLEMENTATIONS = YES;
				CLANG_WARN_DIRECT_OBJC_ISA_USAGE = YES_ERROR;
				CLANG_WARN_DOCUMENTATION_COMMENTS = YES;
				CLANG_WARN_EMPTY_BODY = YES;
				CLANG_WARN_ENUM_CONVERSION = YES;
				CLANG_WARN_INFINITE_RECURSION = YES;
				CLANG_WARN_INT_CONVERSION = YES;
				CLANG_WARN_NON_LITERAL_NULL_CONVERSION = YES;
				CLANG_WARN_OBJC_IMPLICIT_RETAIN_SELF = YES;
				CLANG_WARN_OBJC_LITERAL_CONVERSION = YES;
				CLANG_WARN_OBJC_ROOT_CLASS = YES_ERROR;
				CLANG_WARN_QUOTED_INCLUDE_IN_FRAMEWORK_HEADER = YES;
				CLANG_WARN_RANGE_LOOP_ANALYSIS = YES;
				CLANG_WARN_STRICT_PROTOTYPES = YES;
				CLANG_WARN_SUSPICIOUS_MOVE = YES;
				CLANG_WARN_UNGUARDED_AVAILABILITY = YES_AGGRESSIVE;
				CLANG_WARN_UNREACHABLE_CODE = YES;
				CLANG_WARN__DUPLICATE_METHOD_MATCH = YES;
				COPY_PHASE_STRIP = NO;
				DEBUG_INFORMATION_FORMAT = dwarf;
				ENABLE_STRICT_OBJC_MSGSEND = YES;
				ENABLE_TESTABILITY = YES;
				GCC_C_LANGUAGE_STANDARD = gnu11;
				GCC_DYNAMIC_NO_PIC = NO;
				GCC_NO_COMMON_BLOCKS = YES;
				GCC_OPTIMIZATION_LEVEL = 0;
				GCC_PREPROCESSOR_DEFINITIONS = (
					"DEBUG=1",
					"$(inherited)",
				);
				GCC_WARN_64_TO_32_BIT_CONVERSION = YES;
				GCC_WARN_ABOUT_RETURN_TYPE = YES_ERROR;
				GCC_WARN_UNDECLARED_SELECTOR = YES;
				GCC_WARN_UNINITIALIZED_AUTOS = YES_AGGRESSIVE;
				GCC_WARN_UNUSED_FUNCTION = YES;
				GCC_WARN_UNUSED_VARIABLE = YES;
				IPHONEOS_DEPLOYMENT_TARGET = 14.0;
				MTL_ENABLE_DEBUG_INFO = INCLUDE_SOURCE;
				MTL_FAST_MATH = YES;
				ONLY_ACTIVE_ARCH = YES;
				SDKROOT = iphoneos;
				SWIFT_ACTIVE_COMPILATION_CONDITIONS = DEBUG;
				SWIFT_OPTIMIZATION_LEVEL = "-Onone";
			};
			name = Debug;
		};
		92C8AA4E29A7FEF100430CDC /* Release */ = {
			isa = XCBuildConfiguration;
			buildSettings = {
				ALWAYS_SEARCH_USER_PATHS = NO;
				CLANG_ANALYZER_NONNULL = YES;
				CLANG_ANALYZER_NUMBER_OBJECT_CONVERSION = YES_AGGRESSIVE;
				CLANG_CXX_LANGUAGE_STANDARD = "gnu++20";
				CLANG_ENABLE_MODULES = YES;
				CLANG_ENABLE_OBJC_ARC = YES;
				CLANG_ENABLE_OBJC_WEAK = YES;
				CLANG_WARN_BLOCK_CAPTURE_AUTORELEASING = YES;
				CLANG_WARN_BOOL_CONVERSION = YES;
				CLANG_WARN_COMMA = YES;
				CLANG_WARN_CONSTANT_CONVERSION = YES;
				CLANG_WARN_DEPRECATED_OBJC_IMPLEMENTATIONS = YES;
				CLANG_WARN_DIRECT_OBJC_ISA_USAGE = YES_ERROR;
				CLANG_WARN_DOCUMENTATION_COMMENTS = YES;
				CLANG_WARN_EMPTY_BODY = YES;
				CLANG_WARN_ENUM_CONVERSION = YES;
				CLANG_WARN_INFINITE_RECURSION = YES;
				CLANG_WARN_INT_CONVERSION = YES;
				CLANG_WARN_NON_LITERAL_NULL_CONVERSION = YES;
				CLANG_WARN_OBJC_IMPLICIT_RETAIN_SELF = YES;
				CLANG_WARN_OBJC_LITERAL_CONVERSION = YES;
				CLANG_WARN_OBJC_ROOT_CLASS = YES_ERROR;
				CLANG_WARN_QUOTED_INCLUDE_IN_FRAMEWORK_HEADER = YES;
				CLANG_WARN_RANGE_LOOP_ANALYSIS = YES;
				CLANG_WARN_STRICT_PROTOTYPES = YES;
				CLANG_WARN_SUSPICIOUS_MOVE = YES;
				CLANG_WARN_UNGUARDED_AVAILABILITY = YES_AGGRESSIVE;
				CLANG_WARN_UNREACHABLE_CODE = YES;
				CLANG_WARN__DUPLICATE_METHOD_MATCH = YES;
				COPY_PHASE_STRIP = NO;
				DEBUG_INFORMATION_FORMAT = "dwarf-with-dsym";
				ENABLE_NS_ASSERTIONS = NO;
				ENABLE_STRICT_OBJC_MSGSEND = YES;
				GCC_C_LANGUAGE_STANDARD = gnu11;
				GCC_NO_COMMON_BLOCKS = YES;
				GCC_WARN_64_TO_32_BIT_CONVERSION = YES;
				GCC_WARN_ABOUT_RETURN_TYPE = YES_ERROR;
				GCC_WARN_UNDECLARED_SELECTOR = YES;
				GCC_WARN_UNINITIALIZED_AUTOS = YES_AGGRESSIVE;
				GCC_WARN_UNUSED_FUNCTION = YES;
				GCC_WARN_UNUSED_VARIABLE = YES;
				IPHONEOS_DEPLOYMENT_TARGET = 14.0;
				MTL_ENABLE_DEBUG_INFO = NO;
				MTL_FAST_MATH = YES;
				SDKROOT = iphoneos;
				SWIFT_COMPILATION_MODE = wholemodule;
				SWIFT_OPTIMIZATION_LEVEL = "-O";
				VALIDATE_PRODUCT = YES;
			};
			name = Release;
		};
		92C8AA5029A7FEF100430CDC /* Debug */ = {
			isa = XCBuildConfiguration;
			baseConfigurationReference = 1EBE023476570D5135510C15 /* Pods-ios-sdk-app.debug.xcconfig */;
			buildSettings = {
				ASSETCATALOG_COMPILER_APPICON_NAME = AppIcon;
				ASSETCATALOG_COMPILER_GLOBAL_ACCENT_COLOR_NAME = AccentColor;
				CODE_SIGN_STYLE = Automatic;
				CURRENT_PROJECT_VERSION = 1;
				GENERATE_INFOPLIST_FILE = YES;
				INFOPLIST_FILE = "ios-sdk-app/Info.plist";
				INFOPLIST_KEY_UIApplicationSupportsIndirectInputEvents = YES;
				INFOPLIST_KEY_UILaunchStoryboardName = LaunchScreen;
				INFOPLIST_KEY_UIMainStoryboardFile = Main;
				INFOPLIST_KEY_UISupportedInterfaceOrientations_iPad = "UIInterfaceOrientationPortrait UIInterfaceOrientationPortraitUpsideDown UIInterfaceOrientationLandscapeLeft UIInterfaceOrientationLandscapeRight";
				INFOPLIST_KEY_UISupportedInterfaceOrientations_iPhone = "UIInterfaceOrientationPortrait UIInterfaceOrientationLandscapeLeft UIInterfaceOrientationLandscapeRight";
				IPHONEOS_DEPLOYMENT_TARGET = 14.0;
				LD_RUNPATH_SEARCH_PATHS = (
					"$(inherited)",
					"@executable_path/Frameworks",
				);
				MARKETING_VERSION = 1.0;
				PRODUCT_BUNDLE_IDENTIFIER = "com.mappedin.ios-sdk-app";
				PRODUCT_NAME = "$(TARGET_NAME)";
				SWIFT_EMIT_LOC_STRINGS = YES;
				SWIFT_VERSION = 5.0;
				TARGETED_DEVICE_FAMILY = "1,2";
			};
			name = Debug;
		};
		92C8AA5129A7FEF100430CDC /* Release */ = {
			isa = XCBuildConfiguration;
			baseConfigurationReference = 9812329450829A94020390FB /* Pods-ios-sdk-app.release.xcconfig */;
			buildSettings = {
				ASSETCATALOG_COMPILER_APPICON_NAME = AppIcon;
				ASSETCATALOG_COMPILER_GLOBAL_ACCENT_COLOR_NAME = AccentColor;
				CODE_SIGN_STYLE = Automatic;
				CURRENT_PROJECT_VERSION = 1;
				GENERATE_INFOPLIST_FILE = YES;
				INFOPLIST_FILE = "ios-sdk-app/Info.plist";
				INFOPLIST_KEY_UIApplicationSupportsIndirectInputEvents = YES;
				INFOPLIST_KEY_UILaunchStoryboardName = LaunchScreen;
				INFOPLIST_KEY_UIMainStoryboardFile = Main;
				INFOPLIST_KEY_UISupportedInterfaceOrientations_iPad = "UIInterfaceOrientationPortrait UIInterfaceOrientationPortraitUpsideDown UIInterfaceOrientationLandscapeLeft UIInterfaceOrientationLandscapeRight";
				INFOPLIST_KEY_UISupportedInterfaceOrientations_iPhone = "UIInterfaceOrientationPortrait UIInterfaceOrientationLandscapeLeft UIInterfaceOrientationLandscapeRight";
				IPHONEOS_DEPLOYMENT_TARGET = 14.0;
				LD_RUNPATH_SEARCH_PATHS = (
					"$(inherited)",
					"@executable_path/Frameworks",
				);
				MARKETING_VERSION = 1.0;
				PRODUCT_BUNDLE_IDENTIFIER = "com.mappedin.ios-sdk-app";
				PRODUCT_NAME = "$(TARGET_NAME)";
				SWIFT_EMIT_LOC_STRINGS = YES;
				SWIFT_VERSION = 5.0;
				TARGETED_DEVICE_FAMILY = "1,2";
			};
			name = Release;
		};
/* End XCBuildConfiguration section */

/* Begin XCConfigurationList section */
		92C8AA3629A7FEF000430CDC /* Build configuration list for PBXProject "ios-sdk-app" */ = {
			isa = XCConfigurationList;
			buildConfigurations = (
				92C8AA4D29A7FEF100430CDC /* Debug */,
				92C8AA4E29A7FEF100430CDC /* Release */,
			);
			defaultConfigurationIsVisible = 0;
			defaultConfigurationName = Release;
		};
		92C8AA4F29A7FEF100430CDC /* Build configuration list for PBXNativeTarget "ios-sdk-app" */ = {
			isa = XCConfigurationList;
			buildConfigurations = (
				92C8AA5029A7FEF100430CDC /* Debug */,
				92C8AA5129A7FEF100430CDC /* Release */,
			);
			defaultConfigurationIsVisible = 0;
			defaultConfigurationName = Release;
		};
/* End XCConfigurationList section */
	};
	rootObject = 92C8AA3329A7FEF000430CDC /* Project object */;
}
